// !$*UTF8*$!
{
	archiveVersion = 1;
	classes = {
	};
	objectVersion = 46;
	objects = {

/* Begin PBXBuildFile section */
		19B0F2A5A729CC3A56F1B82E /* MineViewController.m in Sources */ = {isa = PBXBuildFile; fileRef = 19B0F5DA4991C3F2C82AEAE3 /* MineViewController.m */; };
		19B0F7B656D557D701E4603D /* Procurement.storyboard in Resources */ = {isa = PBXBuildFile; fileRef = 19B0F6F26C67FEFD48FD7CBA /* Procurement.storyboard */; };
		19B0F7C63CDBF2FBC3CD877E /* Stock.storyboard in Resources */ = {isa = PBXBuildFile; fileRef = 19B0F1B4311BCA42CF7B3AE9 /* Stock.storyboard */; };
		19B0F9C9C08DC6F41566E215 /* Order.storyboard in Resources */ = {isa = PBXBuildFile; fileRef = 19B0FA38422F0DFB1AFDD799 /* Order.storyboard */; };
		19B0FA792FF04CE87D6706BC /* OrderViewController.m in Sources */ = {isa = PBXBuildFile; fileRef = 19B0F72631E39FD08240B2CC /* OrderViewController.m */; };
		19B0FE5D509F202C88A34690 /* StockViewController.m in Sources */ = {isa = PBXBuildFile; fileRef = 19B0F1B595271C47494B85C4 /* StockViewController.m */; };
		19B0FF72718EF29A756E96DB /* ProcurementViewController.m in Sources */ = {isa = PBXBuildFile; fileRef = 19B0F4ED6DD81F5AFD814721 /* ProcurementViewController.m */; };
		19B0FFC0E58C3C9F9C6B8A69 /* Mine.storyboard in Resources */ = {isa = PBXBuildFile; fileRef = 19B0F283014B25096F1FFF78 /* Mine.storyboard */; };
		2538C6490BD7E648D4DE5030 /* libPods-Daigou.a in Frameworks */ = {isa = PBXBuildFile; fileRef = 60015C4B43E1105AC2D795B4 /* libPods-Daigou.a */; };
		3C036AF71B5913A200DBF0B9 /* OrderItem.m in Sources */ = {isa = PBXBuildFile; fileRef = 3C036AF61B5913A200DBF0B9 /* OrderItem.m */; };
		3C036AFA1B59325500DBF0B9 /* OrderItemManagement.m in Sources */ = {isa = PBXBuildFile; fileRef = 3C036AF91B59325500DBF0B9 /* OrderItemManagement.m */; };
		3C036AFD1B59FBD100DBF0B9 /* OrderBasketCell.m in Sources */ = {isa = PBXBuildFile; fileRef = 3C036AFC1B59FBD100DBF0B9 /* OrderBasketCell.m */; };
		3C0BBDA61B94601700BA0E1E /* ProcurementListCell.m in Sources */ = {isa = PBXBuildFile; fileRef = 3C0BBDA51B94601700BA0E1E /* ProcurementListCell.m */; };
		3C0BBDA91B9484E100BA0E1E /* StockStatusListTableView.m in Sources */ = {isa = PBXBuildFile; fileRef = 3C0BBDA81B9484E100BA0E1E /* StockStatusListTableView.m */; };
		3C0EEC6D1B4896B900FC4782 /* UIPlaceHolderTextView.m in Sources */ = {isa = PBXBuildFile; fileRef = 3C0EEC6C1B4896B900FC4782 /* UIPlaceHolderTextView.m */; };
		3C127AE71B834554008D47DF /* OrderItemBenifitCell.m in Sources */ = {isa = PBXBuildFile; fileRef = 3C127AE61B834554008D47DF /* OrderItemBenifitCell.m */; };
		3C127AEA1B836831008D47DF /* OrderItemPhoneView.m in Sources */ = {isa = PBXBuildFile; fileRef = 3C127AE91B836831008D47DF /* OrderItemPhoneView.m */; };
		3C2C7DB81B9BE07900D1DCC0 /* Express.m in Sources */ = {isa = PBXBuildFile; fileRef = 3C2C7DB71B9BE07900D1DCC0 /* Express.m */; };
		3C2C7DBB1B9C05BD00D1DCC0 /* ExpressManagement.m in Sources */ = {isa = PBXBuildFile; fileRef = 3C2C7DBA1B9C05BD00D1DCC0 /* ExpressManagement.m */; };
		3C2C7DBE1B9C08EC00D1DCC0 /* ExpressTest.m in Sources */ = {isa = PBXBuildFile; fileRef = 3C2C7DBD1B9C08EC00D1DCC0 /* ExpressTest.m */; };
		3C2C7DC11B9C5C0E00D1DCC0 /* UISearchViewController.m in Sources */ = {isa = PBXBuildFile; fileRef = 3C2C7DC01B9C5C0E00D1DCC0 /* UISearchViewController.m */; };
		3C2C7DC61B9C71B500D1DCC0 /* UIProductDetailViewController.m in Sources */ = {isa = PBXBuildFile; fileRef = 3C2C7DC51B9C71B500D1DCC0 /* UIProductDetailViewController.m */; };
		3C3021591B4F98DF001A741D /* ProductItemCell.m in Sources */ = {isa = PBXBuildFile; fileRef = 3C3021561B4F98DF001A741D /* ProductItemCell.m */; };
		3C30215A1B4F98DF001A741D /* ProductItemFrame.m in Sources */ = {isa = PBXBuildFile; fileRef = 3C3021581B4F98DF001A741D /* ProductItemFrame.m */; };
		3C30215C1B4FDE1A001A741D /* ProductTest.m in Sources */ = {isa = PBXBuildFile; fileRef = 3C30215B1B4FDE1A001A741D /* ProductTest.m */; };
		3C3021621B4FDF09001A741D /* Brand.m in Sources */ = {isa = PBXBuildFile; fileRef = 3C3021611B4FDF09001A741D /* Brand.m */; };
		3C3021651B4FDF1B001A741D /* ProductCategory.m in Sources */ = {isa = PBXBuildFile; fileRef = 3C3021641B4FDF1B001A741D /* ProductCategory.m */; };
		3C3021681B50C82A001A741D /* BrandManagement.m in Sources */ = {isa = PBXBuildFile; fileRef = 3C3021671B50C82A001A741D /* BrandManagement.m */; };
		3C30216B1B50C841001A741D /* ProductCategoryManagement.m in Sources */ = {isa = PBXBuildFile; fileRef = 3C30216A1B50C841001A741D /* ProductCategoryManagement.m */; };
		3C30216D1B50D1E6001A741D /* BrandTest.m in Sources */ = {isa = PBXBuildFile; fileRef = 3C30216C1B50D1E6001A741D /* BrandTest.m */; };
		3C30216F1B50D312001A741D /* CategoryTest.m in Sources */ = {isa = PBXBuildFile; fileRef = 3C30216E1B50D312001A741D /* CategoryTest.m */; };
		3C3021731B5140E3001A741D /* ErrorHelper.m in Sources */ = {isa = PBXBuildFile; fileRef = 3C3021721B5140E3001A741D /* ErrorHelper.m */; };
		3C3021761B514B3B001A741D /* MShowProductDetailViewController.m in Sources */ = {isa = PBXBuildFile; fileRef = 3C3021751B514B3B001A741D /* MShowProductDetailViewController.m */; };
		3C3021791B514B60001A741D /* MEditProductViewController.m in Sources */ = {isa = PBXBuildFile; fileRef = 3C3021781B514B60001A741D /* MEditProductViewController.m */; };
		3C344AA81B6CD46500818F19 /* OrderBasketPickerViewController.m in Sources */ = {isa = PBXBuildFile; fileRef = 3C344AA71B6CD46500818F19 /* OrderBasketPickerViewController.m */; };
		3C344AAE1B6CED2D00818F19 /* ProductWithCount.m in Sources */ = {isa = PBXBuildFile; fileRef = 3C344AAD1B6CED2D00818F19 /* ProductWithCount.m */; };
		3C344AB11B6CF6B600818F19 /* OrderBasketPickerCell.m in Sources */ = {isa = PBXBuildFile; fileRef = 3C344AB01B6CF6B600818F19 /* OrderBasketPickerCell.m */; };
		3C442A351B74D8E8008BF244 /* DateUtil.m in Sources */ = {isa = PBXBuildFile; fileRef = 3C442A341B74D8E8008BF244 /* DateUtil.m */; };
		3C442A381B760ACE008BF244 /* OrderStausListTableView.m in Sources */ = {isa = PBXBuildFile; fileRef = 3C442A371B760ACE008BF244 /* OrderStausListTableView.m */; };
		3C442A3C1B770B14008BF244 /* UIPickerViewCell.m in Sources */ = {isa = PBXBuildFile; fileRef = 3C442A3B1B770B14008BF244 /* UIPickerViewCell.m */; };
		3C5661701B679B2E0082F49E /* OrderPickProductsMainViewController.m in Sources */ = {isa = PBXBuildFile; fileRef = 3C56616F1B679B2E0082F49E /* OrderPickProductsMainViewController.m */; };
		3C5661761B679B910082F49E /* OrderProductsRightTableView.m in Sources */ = {isa = PBXBuildFile; fileRef = 3C5661751B679B910082F49E /* OrderProductsRightTableView.m */; };
		3C56617C1B67AC6A0082F49E /* OrderProductsRightCell.m in Sources */ = {isa = PBXBuildFile; fileRef = 3C56617B1B67AC6A0082F49E /* OrderProductsRightCell.m */; };
		3C5678381B5B25E1001B6B40 /* OProductItem.m in Sources */ = {isa = PBXBuildFile; fileRef = 3C5678371B5B25E1001B6B40 /* OProductItem.m */; };
		3C56783B1B5B2A08001B6B40 /* OrderItemTest.m in Sources */ = {isa = PBXBuildFile; fileRef = 3C56783A1B5B2A08001B6B40 /* OrderItemTest.m */; };
		3C56783E1B5B6AC2001B6B40 /* OrderListCell.m in Sources */ = {isa = PBXBuildFile; fileRef = 3C56783D1B5B6AC2001B6B40 /* OrderListCell.m */; };
		3C5D0B511B8C9730006FFC87 /* OrderSiderBarViewController.m in Sources */ = {isa = PBXBuildFile; fileRef = 3C5D0B501B8C9730006FFC87 /* OrderSiderBarViewController.m */; };
		3C5D0B541B8C9904006FFC87 /* LLBlurSidebar.m in Sources */ = {isa = PBXBuildFile; fileRef = 3C5D0B531B8C9904006FFC87 /* LLBlurSidebar.m */; };
		3C62497C1B3C1151008F34C7 /* MProductCatalogViewController.m in Sources */ = {isa = PBXBuildFile; fileRef = 3C62497B1B3C1151008F34C7 /* MProductCatalogViewController.m */; };
		3C62497F1B3C1173008F34C7 /* MDeliveryManagementViewController.m in Sources */ = {isa = PBXBuildFile; fileRef = 3C62497E1B3C1173008F34C7 /* MDeliveryManagementViewController.m */; };
		3C6249821B3C11A5008F34C7 /* MFinanceViewController.m in Sources */ = {isa = PBXBuildFile; fileRef = 3C6249811B3C11A5008F34C7 /* MFinanceViewController.m */; };
		3C6249851B3C11BC008F34C7 /* MSettingViewController.m in Sources */ = {isa = PBXBuildFile; fileRef = 3C6249841B3C11BC008F34C7 /* MSettingViewController.m */; };
		3C6249881B3C11CB008F34C7 /* MSharingViewController.m in Sources */ = {isa = PBXBuildFile; fileRef = 3C6249871B3C11CB008F34C7 /* MSharingViewController.m */; };
		3C62498B1B3C11D6008F34C7 /* MAboutViewController.m in Sources */ = {isa = PBXBuildFile; fileRef = 3C62498A1B3C11D6008F34C7 /* MAboutViewController.m */; };
		3C62498E1B3C1395008F34C7 /* MCustInfoViewController.m in Sources */ = {isa = PBXBuildFile; fileRef = 3C62498D1B3C1395008F34C7 /* MCustInfoViewController.m */; };
		3C6249911B3C1E81008F34C7 /* CustomInfo.m in Sources */ = {isa = PBXBuildFile; fileRef = 3C6249901B3C1E81008F34C7 /* CustomInfo.m */; };
		3C6249941B3C1FDC008F34C7 /* CustomInfoManagement.m in Sources */ = {isa = PBXBuildFile; fileRef = 3C6249931B3C1FDC008F34C7 /* CustomInfoManagement.m */; };
		3C62499A1B3C268A008F34C7 /* libsqlite3.dylib in Frameworks */ = {isa = PBXBuildFile; fileRef = 3C6249991B3C268A008F34C7 /* libsqlite3.dylib */; };
		3C6448631BA00AAB00873739 /* MProductItemCell.m in Sources */ = {isa = PBXBuildFile; fileRef = 3C6448601BA00AAB00873739 /* MProductItemCell.m */; };
		3C6448641BA00AAB00873739 /* MProductsViewController.m in Sources */ = {isa = PBXBuildFile; fileRef = 3C6448621BA00AAB00873739 /* MProductsViewController.m */; };
		3C6448671BA00CD800873739 /* MBrandTableView.m in Sources */ = {isa = PBXBuildFile; fileRef = 3C6448661BA00CD800873739 /* MBrandTableView.m */; };
		3C64486A1BA03EAE00873739 /* MCategoryTableView.m in Sources */ = {isa = PBXBuildFile; fileRef = 3C6448691BA03EAE00873739 /* MCategoryTableView.m */; };
		3C64486D1BA0457400873739 /* UISelectContainerViewController.m in Sources */ = {isa = PBXBuildFile; fileRef = 3C64486C1BA0457400873739 /* UISelectContainerViewController.m */; };
		3C6483301B494BE800EFAE4E /* CustomInfoTests.m in Sources */ = {isa = PBXBuildFile; fileRef = 3C64832F1B494BE800EFAE4E /* CustomInfoTests.m */; };
		3C64833A1B49642700EFAE4E /* daigou.db in Resources */ = {isa = PBXBuildFile; fileRef = 3C6483391B49642700EFAE4E /* daigou.db */; };
		3C6D85631B4BFBB10076F4AE /* DropDownListView.m in Sources */ = {isa = PBXBuildFile; fileRef = 3C6D85621B4BFBB10076F4AE /* DropDownListView.m */; };
		3C6D856A1B4DDFD20076F4AE /* Product.m in Sources */ = {isa = PBXBuildFile; fileRef = 3C6D85691B4DDFD20076F4AE /* Product.m */; };
		3C6D856D1B4DDFE70076F4AE /* ProductManagement.m in Sources */ = {isa = PBXBuildFile; fileRef = 3C6D856C1B4DDFE70076F4AE /* ProductManagement.m */; };
		3C6DDF1C1B43F86C000B8152 /* MShowDetailCell.m in Sources */ = {isa = PBXBuildFile; fileRef = 3C6DDF1B1B43F86C000B8152 /* MShowDetailCell.m */; };
		3C6DDF201B44018F000B8152 /* MShowCustomDetailViewController.m in Sources */ = {isa = PBXBuildFile; fileRef = 3C6DDF1F1B44018F000B8152 /* MShowCustomDetailViewController.m */; };
		3C6DDF231B440D4A000B8152 /* MAddCusInfoViewController.m in Sources */ = {isa = PBXBuildFile; fileRef = 3C6DDF221B440D4A000B8152 /* MAddCusInfoViewController.m */; };
		3C6DDF261B441156000B8152 /* MEditCustomInfoViewController.m in Sources */ = {isa = PBXBuildFile; fileRef = 3C6DDF251B441156000B8152 /* MEditCustomInfoViewController.m */; };
		3C6DDF291B4412EC000B8152 /* MEditDetailCell.m in Sources */ = {isa = PBXBuildFile; fileRef = 3C6DDF281B4412EC000B8152 /* MEditDetailCell.m */; };
		3C6E1DF21B9DD50A0062FBF0 /* UIProductInfoEditViewController.m in Sources */ = {isa = PBXBuildFile; fileRef = 3C6E1DF11B9DD50A0062FBF0 /* UIProductInfoEditViewController.m */; };
		3C6EECC01B2C3D7B00C7478F /* main.m in Sources */ = {isa = PBXBuildFile; fileRef = 3C6EECBF1B2C3D7B00C7478F /* main.m */; };
		3C6EECCC1B2C3D7B00C7478F /* Main.storyboard in Resources */ = {isa = PBXBuildFile; fileRef = 3C6EECCA1B2C3D7B00C7478F /* Main.storyboard */; };
		3C6EECD11B2C3D7B00C7478F /* LaunchScreen.xib in Resources */ = {isa = PBXBuildFile; fileRef = 3C6EECCF1B2C3D7B00C7478F /* LaunchScreen.xib */; };
		3C6EED1D1B2C5E2300C7478F /* Images.xcassets in Resources */ = {isa = PBXBuildFile; fileRef = 3C6EED1C1B2C5E2300C7478F /* Images.xcassets */; };
		3C6EED231B2C5E6100C7478F /* AppDelegate.m in Sources */ = {isa = PBXBuildFile; fileRef = 3C6EED201B2C5E6100C7478F /* AppDelegate.m */; };
		3C6EED241B2C5E6100C7478F /* DGViewController.m in Sources */ = {isa = PBXBuildFile; fileRef = 3C6EED221B2C5E6100C7478F /* DGViewController.m */; };
		3C70BF0C1B9F0B9500C17481 /* UIScanViewController.m in Sources */ = {isa = PBXBuildFile; fileRef = 3C70BF0B1B9F0B9500C17481 /* UIScanViewController.m */; };
		3C7794331B7ECB9A0034D91D /* UITextField+UITextFieldAccessory.m in Sources */ = {isa = PBXBuildFile; fileRef = 3C7794321B7ECB9A0034D91D /* UITextField+UITextFieldAccessory.m */; };
		3C7794391B7F647E0034D91D /* OrderDetailViewController.m in Sources */ = {isa = PBXBuildFile; fileRef = 3C7794381B7F647E0034D91D /* OrderDetailViewController.m */; };
		3C77943C1B7FFD6D0034D91D /* OrderDeliveryStatusViewController.m in Sources */ = {isa = PBXBuildFile; fileRef = 3C77943B1B7FFD6D0034D91D /* OrderDeliveryStatusViewController.m */; };
		3C8F6F741B987B1B00A920A3 /* DGAddressBook.m in Sources */ = {isa = PBXBuildFile; fileRef = 3C8F6F731B987B1B00A920A3 /* DGAddressBook.m */; };
		3C8F6F781B98804C00A920A3 /* AddressBookTableViewController.m in Sources */ = {isa = PBXBuildFile; fileRef = 3C8F6F771B98804C00A920A3 /* AddressBookTableViewController.m */; };
		3C9A1F4B1B9705580030647B /* StockListCell.m in Sources */ = {isa = PBXBuildFile; fileRef = 3C9A1F4A1B9705580030647B /* StockListCell.m */; };
		3CA1A2941B551FCD00C0A74C /* OAddNewOrderViewController.m in Sources */ = {isa = PBXBuildFile; fileRef = 3CA1A2931B551FCD00C0A74C /* OAddNewOrderViewController.m */; };
		3CA1A2971B56884200C0A74C /* OrderItemView.m in Sources */ = {isa = PBXBuildFile; fileRef = 3CA1A2961B56884200C0A74C /* OrderItemView.m */; };
		3CA1A29A1B56942400C0A74C /* OrderProductsViewController.m in Sources */ = {isa = PBXBuildFile; fileRef = 3CA1A2991B56942400C0A74C /* OrderProductsViewController.m */; };
		3CA1A29D1B5694A100C0A74C /* OrderBasketViewController.m in Sources */ = {isa = PBXBuildFile; fileRef = 3CA1A29C1B5694A100C0A74C /* OrderBasketViewController.m */; };
		3CBF22ED1B7B6A4D00F3EB72 /* UILabelStrikeThrough.m in Sources */ = {isa = PBXBuildFile; fileRef = 3CBF22EC1B7B6A4D00F3EB72 /* UILabelStrikeThrough.m */; };
		3CC462BA1B9312ED002B92C8 /* ProcurementStatusListTableView.m in Sources */ = {isa = PBXBuildFile; fileRef = 3CC462B91B9312ED002B92C8 /* ProcurementStatusListTableView.m */; };
		3CFC01E11B913BD400995CAB /* UISearchBar+UISearchBarAccessory.m in Sources */ = {isa = PBXBuildFile; fileRef = 3CFC01E01B913BD400995CAB /* UISearchBar+UISearchBarAccessory.m */; };
/* End PBXBuildFile section */

/* Begin PBXContainerItemProxy section */
		3C6EECD71B2C3D7B00C7478F /* PBXContainerItemProxy */ = {
			isa = PBXContainerItemProxy;
			containerPortal = 3C6EECB21B2C3D7B00C7478F /* Project object */;
			proxyType = 1;
			remoteGlobalIDString = 3C6EECB91B2C3D7B00C7478F;
			remoteInfo = Daigou;
		};
/* End PBXContainerItemProxy section */

/* Begin PBXFileReference section */
		19B0F12B1F71973E20970770 /* OrderViewController.h */ = {isa = PBXFileReference; fileEncoding = 4; lastKnownFileType = sourcecode.c.h; path = OrderViewController.h; sourceTree = "<group>"; };
		19B0F1B4311BCA42CF7B3AE9 /* Stock.storyboard */ = {isa = PBXFileReference; lastKnownFileType = file.storyboard; path = Stock.storyboard; sourceTree = "<group>"; };
		19B0F1B595271C47494B85C4 /* StockViewController.m */ = {isa = PBXFileReference; fileEncoding = 4; lastKnownFileType = sourcecode.c.objc; path = StockViewController.m; sourceTree = "<group>"; };
		19B0F245CE78B94CFB16ED10 /* StockViewController.h */ = {isa = PBXFileReference; fileEncoding = 4; lastKnownFileType = sourcecode.c.h; path = StockViewController.h; sourceTree = "<group>"; };
		19B0F283014B25096F1FFF78 /* Mine.storyboard */ = {isa = PBXFileReference; lastKnownFileType = file.storyboard; path = Mine.storyboard; sourceTree = "<group>"; };
		19B0F2D2E926566BD7FA217A /* ProcurementViewController.h */ = {isa = PBXFileReference; fileEncoding = 4; lastKnownFileType = sourcecode.c.h; path = ProcurementViewController.h; sourceTree = "<group>"; };
		19B0F4ED6DD81F5AFD814721 /* ProcurementViewController.m */ = {isa = PBXFileReference; fileEncoding = 4; lastKnownFileType = sourcecode.c.objc; path = ProcurementViewController.m; sourceTree = "<group>"; };
		19B0F5DA4991C3F2C82AEAE3 /* MineViewController.m */ = {isa = PBXFileReference; fileEncoding = 4; lastKnownFileType = sourcecode.c.objc; path = MineViewController.m; sourceTree = "<group>"; };
		19B0F6F26C67FEFD48FD7CBA /* Procurement.storyboard */ = {isa = PBXFileReference; lastKnownFileType = file.storyboard; path = Procurement.storyboard; sourceTree = "<group>"; };
		19B0F72631E39FD08240B2CC /* OrderViewController.m */ = {isa = PBXFileReference; fileEncoding = 4; lastKnownFileType = sourcecode.c.objc; path = OrderViewController.m; sourceTree = "<group>"; };
		19B0FA38422F0DFB1AFDD799 /* Order.storyboard */ = {isa = PBXFileReference; lastKnownFileType = file.storyboard; path = Order.storyboard; sourceTree = "<group>"; };
		19B0FCB5EDA47D1FB5F6A0FB /* MineViewController.h */ = {isa = PBXFileReference; fileEncoding = 4; lastKnownFileType = sourcecode.c.h; path = MineViewController.h; sourceTree = "<group>"; };
		3C036AF51B5913A200DBF0B9 /* OrderItem.h */ = {isa = PBXFileReference; fileEncoding = 4; lastKnownFileType = sourcecode.c.h; name = OrderItem.h; path = Daigou/Model/Order/Order/OrderItem.h; sourceTree = SOURCE_ROOT; };
		3C036AF61B5913A200DBF0B9 /* OrderItem.m */ = {isa = PBXFileReference; fileEncoding = 4; lastKnownFileType = sourcecode.c.objc; name = OrderItem.m; path = Daigou/Model/Order/Order/OrderItem.m; sourceTree = SOURCE_ROOT; };
		3C036AF81B59325500DBF0B9 /* OrderItemManagement.h */ = {isa = PBXFileReference; fileEncoding = 4; lastKnownFileType = sourcecode.c.h; name = OrderItemManagement.h; path = Daigou/Model/Order/Order/OrderItemManagement.h; sourceTree = SOURCE_ROOT; };
		3C036AF91B59325500DBF0B9 /* OrderItemManagement.m */ = {isa = PBXFileReference; fileEncoding = 4; lastKnownFileType = sourcecode.c.objc; name = OrderItemManagement.m; path = Daigou/Model/Order/Order/OrderItemManagement.m; sourceTree = SOURCE_ROOT; };
		3C036AFB1B59FBD100DBF0B9 /* OrderBasketCell.h */ = {isa = PBXFileReference; fileEncoding = 4; lastKnownFileType = sourcecode.c.h; path = OrderBasketCell.h; sourceTree = "<group>"; };
		3C036AFC1B59FBD100DBF0B9 /* OrderBasketCell.m */ = {isa = PBXFileReference; fileEncoding = 4; lastKnownFileType = sourcecode.c.objc; path = OrderBasketCell.m; sourceTree = "<group>"; };
		3C0BBDA41B94601700BA0E1E /* ProcurementListCell.h */ = {isa = PBXFileReference; fileEncoding = 4; lastKnownFileType = sourcecode.c.h; path = ProcurementListCell.h; sourceTree = "<group>"; };
		3C0BBDA51B94601700BA0E1E /* ProcurementListCell.m */ = {isa = PBXFileReference; fileEncoding = 4; lastKnownFileType = sourcecode.c.objc; path = ProcurementListCell.m; sourceTree = "<group>"; };
		3C0BBDA71B9484E100BA0E1E /* StockStatusListTableView.h */ = {isa = PBXFileReference; fileEncoding = 4; lastKnownFileType = sourcecode.c.h; path = StockStatusListTableView.h; sourceTree = "<group>"; };
		3C0BBDA81B9484E100BA0E1E /* StockStatusListTableView.m */ = {isa = PBXFileReference; fileEncoding = 4; lastKnownFileType = sourcecode.c.objc; path = StockStatusListTableView.m; sourceTree = "<group>"; };
		3C0EEC6B1B4896B900FC4782 /* UIPlaceHolderTextView.h */ = {isa = PBXFileReference; fileEncoding = 4; lastKnownFileType = sourcecode.c.h; name = UIPlaceHolderTextView.h; path = Extension/UIPlaceHolderTextView.h; sourceTree = "<group>"; };
		3C0EEC6C1B4896B900FC4782 /* UIPlaceHolderTextView.m */ = {isa = PBXFileReference; fileEncoding = 4; lastKnownFileType = sourcecode.c.objc; name = UIPlaceHolderTextView.m; path = Extension/UIPlaceHolderTextView.m; sourceTree = "<group>"; };
		3C127AE51B834554008D47DF /* OrderItemBenifitCell.h */ = {isa = PBXFileReference; fileEncoding = 4; lastKnownFileType = sourcecode.c.h; path = OrderItemBenifitCell.h; sourceTree = "<group>"; };
		3C127AE61B834554008D47DF /* OrderItemBenifitCell.m */ = {isa = PBXFileReference; fileEncoding = 4; lastKnownFileType = sourcecode.c.objc; path = OrderItemBenifitCell.m; sourceTree = "<group>"; };
		3C127AE81B836831008D47DF /* OrderItemPhoneView.h */ = {isa = PBXFileReference; fileEncoding = 4; lastKnownFileType = sourcecode.c.h; path = OrderItemPhoneView.h; sourceTree = "<group>"; };
		3C127AE91B836831008D47DF /* OrderItemPhoneView.m */ = {isa = PBXFileReference; fileEncoding = 4; lastKnownFileType = sourcecode.c.objc; path = OrderItemPhoneView.m; sourceTree = "<group>"; };
		3C2C7DB61B9BE07900D1DCC0 /* Express.h */ = {isa = PBXFileReference; fileEncoding = 4; lastKnownFileType = sourcecode.c.h; name = Express.h; path = Express/Express.h; sourceTree = "<group>"; };
		3C2C7DB71B9BE07900D1DCC0 /* Express.m */ = {isa = PBXFileReference; fileEncoding = 4; lastKnownFileType = sourcecode.c.objc; name = Express.m; path = Express/Express.m; sourceTree = "<group>"; };
		3C2C7DB91B9C05BD00D1DCC0 /* ExpressManagement.h */ = {isa = PBXFileReference; fileEncoding = 4; lastKnownFileType = sourcecode.c.h; name = ExpressManagement.h; path = Express/ExpressManagement.h; sourceTree = "<group>"; };
		3C2C7DBA1B9C05BD00D1DCC0 /* ExpressManagement.m */ = {isa = PBXFileReference; fileEncoding = 4; lastKnownFileType = sourcecode.c.objc; name = ExpressManagement.m; path = Express/ExpressManagement.m; sourceTree = "<group>"; };
		3C2C7DBD1B9C08EC00D1DCC0 /* ExpressTest.m */ = {isa = PBXFileReference; fileEncoding = 4; lastKnownFileType = sourcecode.c.objc; name = ExpressTest.m; path = Model/ExpressTest.m; sourceTree = "<group>"; };
		3C2C7DBF1B9C5C0E00D1DCC0 /* UISearchViewController.h */ = {isa = PBXFileReference; fileEncoding = 4; lastKnownFileType = sourcecode.c.h; name = UISearchViewController.h; path = Daigou/Controller/Product/UISearchViewController.h; sourceTree = SOURCE_ROOT; };
		3C2C7DC01B9C5C0E00D1DCC0 /* UISearchViewController.m */ = {isa = PBXFileReference; fileEncoding = 4; lastKnownFileType = sourcecode.c.objc; name = UISearchViewController.m; path = Daigou/Controller/Product/UISearchViewController.m; sourceTree = SOURCE_ROOT; };
		3C2C7DC41B9C71B500D1DCC0 /* UIProductDetailViewController.h */ = {isa = PBXFileReference; fileEncoding = 4; lastKnownFileType = sourcecode.c.h; name = UIProductDetailViewController.h; path = Daigou/Controller/Product/UIProductDetailViewController.h; sourceTree = SOURCE_ROOT; };
		3C2C7DC51B9C71B500D1DCC0 /* UIProductDetailViewController.m */ = {isa = PBXFileReference; fileEncoding = 4; lastKnownFileType = sourcecode.c.objc; name = UIProductDetailViewController.m; path = Daigou/Controller/Product/UIProductDetailViewController.m; sourceTree = SOURCE_ROOT; };
		3C3021551B4F98DF001A741D /* ProductItemCell.h */ = {isa = PBXFileReference; fileEncoding = 4; lastKnownFileType = sourcecode.c.h; path = ProductItemCell.h; sourceTree = "<group>"; };
		3C3021561B4F98DF001A741D /* ProductItemCell.m */ = {isa = PBXFileReference; fileEncoding = 4; lastKnownFileType = sourcecode.c.objc; path = ProductItemCell.m; sourceTree = "<group>"; };
		3C3021571B4F98DF001A741D /* ProductItemFrame.h */ = {isa = PBXFileReference; fileEncoding = 4; lastKnownFileType = sourcecode.c.h; path = ProductItemFrame.h; sourceTree = "<group>"; };
		3C3021581B4F98DF001A741D /* ProductItemFrame.m */ = {isa = PBXFileReference; fileEncoding = 4; lastKnownFileType = sourcecode.c.objc; path = ProductItemFrame.m; sourceTree = "<group>"; };
		3C30215B1B4FDE1A001A741D /* ProductTest.m */ = {isa = PBXFileReference; fileEncoding = 4; lastKnownFileType = sourcecode.c.objc; name = ProductTest.m; path = Product/ProductTest.m; sourceTree = "<group>"; };
		3C3021601B4FDF09001A741D /* Brand.h */ = {isa = PBXFileReference; fileEncoding = 4; lastKnownFileType = sourcecode.c.h; name = Brand.h; path = Brand/Brand.h; sourceTree = "<group>"; };
		3C3021611B4FDF09001A741D /* Brand.m */ = {isa = PBXFileReference; fileEncoding = 4; lastKnownFileType = sourcecode.c.objc; name = Brand.m; path = Brand/Brand.m; sourceTree = "<group>"; };
		3C3021631B4FDF1B001A741D /* ProductCategory.h */ = {isa = PBXFileReference; fileEncoding = 4; lastKnownFileType = sourcecode.c.h; name = ProductCategory.h; path = Category/ProductCategory.h; sourceTree = "<group>"; };
		3C3021641B4FDF1B001A741D /* ProductCategory.m */ = {isa = PBXFileReference; fileEncoding = 4; lastKnownFileType = sourcecode.c.objc; name = ProductCategory.m; path = Category/ProductCategory.m; sourceTree = "<group>"; };
		3C3021661B50C82A001A741D /* BrandManagement.h */ = {isa = PBXFileReference; fileEncoding = 4; lastKnownFileType = sourcecode.c.h; name = BrandManagement.h; path = Brand/BrandManagement.h; sourceTree = "<group>"; };
		3C3021671B50C82A001A741D /* BrandManagement.m */ = {isa = PBXFileReference; fileEncoding = 4; lastKnownFileType = sourcecode.c.objc; name = BrandManagement.m; path = Brand/BrandManagement.m; sourceTree = "<group>"; };
		3C3021691B50C841001A741D /* ProductCategoryManagement.h */ = {isa = PBXFileReference; fileEncoding = 4; lastKnownFileType = sourcecode.c.h; name = ProductCategoryManagement.h; path = Category/ProductCategoryManagement.h; sourceTree = "<group>"; };
		3C30216A1B50C841001A741D /* ProductCategoryManagement.m */ = {isa = PBXFileReference; fileEncoding = 4; lastKnownFileType = sourcecode.c.objc; name = ProductCategoryManagement.m; path = Category/ProductCategoryManagement.m; sourceTree = "<group>"; };
		3C30216C1B50D1E6001A741D /* BrandTest.m */ = {isa = PBXFileReference; fileEncoding = 4; lastKnownFileType = sourcecode.c.objc; name = BrandTest.m; path = Model/BrandTest.m; sourceTree = "<group>"; };
		3C30216E1B50D312001A741D /* CategoryTest.m */ = {isa = PBXFileReference; fileEncoding = 4; lastKnownFileType = sourcecode.c.objc; name = CategoryTest.m; path = Model/CategoryTest.m; sourceTree = "<group>"; };
		3C3021711B5140E3001A741D /* ErrorHelper.h */ = {isa = PBXFileReference; fileEncoding = 4; lastKnownFileType = sourcecode.c.h; path = ErrorHelper.h; sourceTree = "<group>"; };
		3C3021721B5140E3001A741D /* ErrorHelper.m */ = {isa = PBXFileReference; fileEncoding = 4; lastKnownFileType = sourcecode.c.objc; path = ErrorHelper.m; sourceTree = "<group>"; };
		3C3021741B514B3B001A741D /* MShowProductDetailViewController.h */ = {isa = PBXFileReference; fileEncoding = 4; lastKnownFileType = sourcecode.c.h; path = MShowProductDetailViewController.h; sourceTree = "<group>"; };
		3C3021751B514B3B001A741D /* MShowProductDetailViewController.m */ = {isa = PBXFileReference; fileEncoding = 4; lastKnownFileType = sourcecode.c.objc; path = MShowProductDetailViewController.m; sourceTree = "<group>"; };
		3C3021771B514B60001A741D /* MEditProductViewController.h */ = {isa = PBXFileReference; fileEncoding = 4; lastKnownFileType = sourcecode.c.h; path = MEditProductViewController.h; sourceTree = "<group>"; };
		3C3021781B514B60001A741D /* MEditProductViewController.m */ = {isa = PBXFileReference; fileEncoding = 4; lastKnownFileType = sourcecode.c.objc; path = MEditProductViewController.m; sourceTree = "<group>"; };
		3C344AA61B6CD46500818F19 /* OrderBasketPickerViewController.h */ = {isa = PBXFileReference; fileEncoding = 4; lastKnownFileType = sourcecode.c.h; name = OrderBasketPickerViewController.h; path = PickOrder/OrderBasketPickerViewController.h; sourceTree = "<group>"; };
		3C344AA71B6CD46500818F19 /* OrderBasketPickerViewController.m */ = {isa = PBXFileReference; fileEncoding = 4; lastKnownFileType = sourcecode.c.objc; name = OrderBasketPickerViewController.m; path = PickOrder/OrderBasketPickerViewController.m; sourceTree = "<group>"; };
		3C344AAC1B6CED2D00818F19 /* ProductWithCount.h */ = {isa = PBXFileReference; fileEncoding = 4; lastKnownFileType = sourcecode.c.h; name = ProductWithCount.h; path = ProductCategory/ProductWithCount.h; sourceTree = "<group>"; };
		3C344AAD1B6CED2D00818F19 /* ProductWithCount.m */ = {isa = PBXFileReference; fileEncoding = 4; lastKnownFileType = sourcecode.c.objc; name = ProductWithCount.m; path = ProductCategory/ProductWithCount.m; sourceTree = "<group>"; };
		3C344AAF1B6CF6B600818F19 /* OrderBasketPickerCell.h */ = {isa = PBXFileReference; fileEncoding = 4; lastKnownFileType = sourcecode.c.h; name = OrderBasketPickerCell.h; path = PickOrder/OrderBasketPickerCell.h; sourceTree = "<group>"; };
		3C344AB01B6CF6B600818F19 /* OrderBasketPickerCell.m */ = {isa = PBXFileReference; fileEncoding = 4; lastKnownFileType = sourcecode.c.objc; name = OrderBasketPickerCell.m; path = PickOrder/OrderBasketPickerCell.m; sourceTree = "<group>"; };
		3C442A331B74D8E8008BF244 /* DateUtil.h */ = {isa = PBXFileReference; fileEncoding = 4; lastKnownFileType = sourcecode.c.h; path = DateUtil.h; sourceTree = "<group>"; };
		3C442A341B74D8E8008BF244 /* DateUtil.m */ = {isa = PBXFileReference; fileEncoding = 4; lastKnownFileType = sourcecode.c.objc; path = DateUtil.m; sourceTree = "<group>"; };
		3C442A361B760ACE008BF244 /* OrderStausListTableView.h */ = {isa = PBXFileReference; fileEncoding = 4; lastKnownFileType = sourcecode.c.h; path = OrderStausListTableView.h; sourceTree = "<group>"; };
		3C442A371B760ACE008BF244 /* OrderStausListTableView.m */ = {isa = PBXFileReference; fileEncoding = 4; lastKnownFileType = sourcecode.c.objc; path = OrderStausListTableView.m; sourceTree = "<group>"; };
		3C442A3A1B770B14008BF244 /* UIPickerViewCell.h */ = {isa = PBXFileReference; fileEncoding = 4; lastKnownFileType = sourcecode.c.h; name = UIPickerViewCell.h; path = Help/UIPickerViewCell.h; sourceTree = "<group>"; };
		3C442A3B1B770B14008BF244 /* UIPickerViewCell.m */ = {isa = PBXFileReference; fileEncoding = 4; lastKnownFileType = sourcecode.c.objc; name = UIPickerViewCell.m; path = Help/UIPickerViewCell.m; sourceTree = "<group>"; };
		3C56616E1B679B2E0082F49E /* OrderPickProductsMainViewController.h */ = {isa = PBXFileReference; fileEncoding = 4; lastKnownFileType = sourcecode.c.h; name = OrderPickProductsMainViewController.h; path = PickOrder/OrderPickProductsMainViewController.h; sourceTree = "<group>"; };
		3C56616F1B679B2E0082F49E /* OrderPickProductsMainViewController.m */ = {isa = PBXFileReference; fileEncoding = 4; lastKnownFileType = sourcecode.c.objc; name = OrderPickProductsMainViewController.m; path = PickOrder/OrderPickProductsMainViewController.m; sourceTree = "<group>"; };
		3C5661741B679B910082F49E /* OrderProductsRightTableView.h */ = {isa = PBXFileReference; fileEncoding = 4; lastKnownFileType = sourcecode.c.h; name = OrderProductsRightTableView.h; path = PickOrder/OrderProductsRightTableView.h; sourceTree = "<group>"; };
		3C5661751B679B910082F49E /* OrderProductsRightTableView.m */ = {isa = PBXFileReference; fileEncoding = 4; lastKnownFileType = sourcecode.c.objc; name = OrderProductsRightTableView.m; path = PickOrder/OrderProductsRightTableView.m; sourceTree = "<group>"; };
		3C56617A1B67AC6A0082F49E /* OrderProductsRightCell.h */ = {isa = PBXFileReference; fileEncoding = 4; lastKnownFileType = sourcecode.c.h; name = OrderProductsRightCell.h; path = PickOrder/OrderProductsRightCell.h; sourceTree = "<group>"; };
		3C56617B1B67AC6A0082F49E /* OrderProductsRightCell.m */ = {isa = PBXFileReference; fileEncoding = 4; lastKnownFileType = sourcecode.c.objc; name = OrderProductsRightCell.m; path = PickOrder/OrderProductsRightCell.m; sourceTree = "<group>"; };
		3C5678361B5B25E1001B6B40 /* OProductItem.h */ = {isa = PBXFileReference; fileEncoding = 4; lastKnownFileType = sourcecode.c.h; name = OProductItem.h; path = Daigou/Model/Order/Order/OProductItem.h; sourceTree = SOURCE_ROOT; };
		3C5678371B5B25E1001B6B40 /* OProductItem.m */ = {isa = PBXFileReference; fileEncoding = 4; lastKnownFileType = sourcecode.c.objc; name = OProductItem.m; path = Daigou/Model/Order/Order/OProductItem.m; sourceTree = SOURCE_ROOT; };
		3C56783A1B5B2A08001B6B40 /* OrderItemTest.m */ = {isa = PBXFileReference; fileEncoding = 4; lastKnownFileType = sourcecode.c.objc; path = OrderItemTest.m; sourceTree = "<group>"; };
		3C56783C1B5B6AC2001B6B40 /* OrderListCell.h */ = {isa = PBXFileReference; fileEncoding = 4; lastKnownFileType = sourcecode.c.h; path = OrderListCell.h; sourceTree = "<group>"; };
		3C56783D1B5B6AC2001B6B40 /* OrderListCell.m */ = {isa = PBXFileReference; fileEncoding = 4; lastKnownFileType = sourcecode.c.objc; path = OrderListCell.m; sourceTree = "<group>"; };
		3C5D0B4F1B8C9730006FFC87 /* OrderSiderBarViewController.h */ = {isa = PBXFileReference; fileEncoding = 4; lastKnownFileType = sourcecode.c.h; name = OrderSiderBarViewController.h; path = PickOrder/OrderSiderBarViewController.h; sourceTree = "<group>"; };
		3C5D0B501B8C9730006FFC87 /* OrderSiderBarViewController.m */ = {isa = PBXFileReference; fileEncoding = 4; lastKnownFileType = sourcecode.c.objc; name = OrderSiderBarViewController.m; path = PickOrder/OrderSiderBarViewController.m; sourceTree = "<group>"; };
		3C5D0B521B8C9904006FFC87 /* LLBlurSidebar.h */ = {isa = PBXFileReference; fileEncoding = 4; lastKnownFileType = sourcecode.c.h; path = LLBlurSidebar.h; sourceTree = "<group>"; };
		3C5D0B531B8C9904006FFC87 /* LLBlurSidebar.m */ = {isa = PBXFileReference; fileEncoding = 4; lastKnownFileType = sourcecode.c.objc; path = LLBlurSidebar.m; sourceTree = "<group>"; };
		3C62497A1B3C1151008F34C7 /* MProductCatalogViewController.h */ = {isa = PBXFileReference; fileEncoding = 4; lastKnownFileType = sourcecode.c.h; path = MProductCatalogViewController.h; sourceTree = "<group>"; };
		3C62497B1B3C1151008F34C7 /* MProductCatalogViewController.m */ = {isa = PBXFileReference; fileEncoding = 4; lastKnownFileType = sourcecode.c.objc; path = MProductCatalogViewController.m; sourceTree = "<group>"; };
		3C62497D1B3C1173008F34C7 /* MDeliveryManagementViewController.h */ = {isa = PBXFileReference; fileEncoding = 4; lastKnownFileType = sourcecode.c.h; path = MDeliveryManagementViewController.h; sourceTree = "<group>"; };
		3C62497E1B3C1173008F34C7 /* MDeliveryManagementViewController.m */ = {isa = PBXFileReference; fileEncoding = 4; lastKnownFileType = sourcecode.c.objc; path = MDeliveryManagementViewController.m; sourceTree = "<group>"; };
		3C6249801B3C11A5008F34C7 /* MFinanceViewController.h */ = {isa = PBXFileReference; fileEncoding = 4; lastKnownFileType = sourcecode.c.h; path = MFinanceViewController.h; sourceTree = "<group>"; };
		3C6249811B3C11A5008F34C7 /* MFinanceViewController.m */ = {isa = PBXFileReference; fileEncoding = 4; lastKnownFileType = sourcecode.c.objc; path = MFinanceViewController.m; sourceTree = "<group>"; };
		3C6249831B3C11BC008F34C7 /* MSettingViewController.h */ = {isa = PBXFileReference; fileEncoding = 4; lastKnownFileType = sourcecode.c.h; path = MSettingViewController.h; sourceTree = "<group>"; };
		3C6249841B3C11BC008F34C7 /* MSettingViewController.m */ = {isa = PBXFileReference; fileEncoding = 4; lastKnownFileType = sourcecode.c.objc; path = MSettingViewController.m; sourceTree = "<group>"; };
		3C6249861B3C11CB008F34C7 /* MSharingViewController.h */ = {isa = PBXFileReference; fileEncoding = 4; lastKnownFileType = sourcecode.c.h; path = MSharingViewController.h; sourceTree = "<group>"; };
		3C6249871B3C11CB008F34C7 /* MSharingViewController.m */ = {isa = PBXFileReference; fileEncoding = 4; lastKnownFileType = sourcecode.c.objc; path = MSharingViewController.m; sourceTree = "<group>"; };
		3C6249891B3C11D6008F34C7 /* MAboutViewController.h */ = {isa = PBXFileReference; fileEncoding = 4; lastKnownFileType = sourcecode.c.h; path = MAboutViewController.h; sourceTree = "<group>"; };
		3C62498A1B3C11D6008F34C7 /* MAboutViewController.m */ = {isa = PBXFileReference; fileEncoding = 4; lastKnownFileType = sourcecode.c.objc; path = MAboutViewController.m; sourceTree = "<group>"; };
		3C62498C1B3C1395008F34C7 /* MCustInfoViewController.h */ = {isa = PBXFileReference; fileEncoding = 4; lastKnownFileType = sourcecode.c.h; path = MCustInfoViewController.h; sourceTree = "<group>"; };
		3C62498D1B3C1395008F34C7 /* MCustInfoViewController.m */ = {isa = PBXFileReference; fileEncoding = 4; lastKnownFileType = sourcecode.c.objc; path = MCustInfoViewController.m; sourceTree = "<group>"; };
		3C62498F1B3C1E81008F34C7 /* CustomInfo.h */ = {isa = PBXFileReference; fileEncoding = 4; lastKnownFileType = sourcecode.c.h; path = CustomInfo.h; sourceTree = "<group>"; };
		3C6249901B3C1E81008F34C7 /* CustomInfo.m */ = {isa = PBXFileReference; fileEncoding = 4; lastKnownFileType = sourcecode.c.objc; path = CustomInfo.m; sourceTree = "<group>"; };
		3C6249921B3C1FDC008F34C7 /* CustomInfoManagement.h */ = {isa = PBXFileReference; fileEncoding = 4; lastKnownFileType = sourcecode.c.h; path = CustomInfoManagement.h; sourceTree = "<group>"; };
		3C6249931B3C1FDC008F34C7 /* CustomInfoManagement.m */ = {isa = PBXFileReference; fileEncoding = 4; lastKnownFileType = sourcecode.c.objc; path = CustomInfoManagement.m; sourceTree = "<group>"; };
		3C6249951B3C2254008F34C7 /* CommonDefines.h */ = {isa = PBXFileReference; lastKnownFileType = sourcecode.c.h; path = CommonDefines.h; sourceTree = "<group>"; };
		3C6249991B3C268A008F34C7 /* libsqlite3.dylib */ = {isa = PBXFileReference; lastKnownFileType = "compiled.mach-o.dylib"; name = libsqlite3.dylib; path = usr/lib/libsqlite3.dylib; sourceTree = SDKROOT; };
		3C64485F1BA00AAB00873739 /* MProductItemCell.h */ = {isa = PBXFileReference; fileEncoding = 4; lastKnownFileType = sourcecode.c.h; name = MProductItemCell.h; path = Daigou/Controller/Product/MProductItemCell.h; sourceTree = SOURCE_ROOT; };
		3C6448601BA00AAB00873739 /* MProductItemCell.m */ = {isa = PBXFileReference; fileEncoding = 4; lastKnownFileType = sourcecode.c.objc; name = MProductItemCell.m; path = Daigou/Controller/Product/MProductItemCell.m; sourceTree = SOURCE_ROOT; };
		3C6448611BA00AAB00873739 /* MProductsViewController.h */ = {isa = PBXFileReference; fileEncoding = 4; lastKnownFileType = sourcecode.c.h; name = MProductsViewController.h; path = Daigou/Controller/Product/MProductsViewController.h; sourceTree = SOURCE_ROOT; };
		3C6448621BA00AAB00873739 /* MProductsViewController.m */ = {isa = PBXFileReference; fileEncoding = 4; lastKnownFileType = sourcecode.c.objc; name = MProductsViewController.m; path = Daigou/Controller/Product/MProductsViewController.m; sourceTree = SOURCE_ROOT; };
		3C6448651BA00CD800873739 /* MBrandTableView.h */ = {isa = PBXFileReference; fileEncoding = 4; lastKnownFileType = sourcecode.c.h; name = MBrandTableView.h; path = Daigou/Controller/Product/MBrandTableView.h; sourceTree = SOURCE_ROOT; };
		3C6448661BA00CD800873739 /* MBrandTableView.m */ = {isa = PBXFileReference; fileEncoding = 4; lastKnownFileType = sourcecode.c.objc; name = MBrandTableView.m; path = Daigou/Controller/Product/MBrandTableView.m; sourceTree = SOURCE_ROOT; };
		3C6448681BA03EAE00873739 /* MCategoryTableView.h */ = {isa = PBXFileReference; fileEncoding = 4; lastKnownFileType = sourcecode.c.h; name = MCategoryTableView.h; path = Daigou/Controller/Product/MCategoryTableView.h; sourceTree = SOURCE_ROOT; };
		3C6448691BA03EAE00873739 /* MCategoryTableView.m */ = {isa = PBXFileReference; fileEncoding = 4; lastKnownFileType = sourcecode.c.objc; name = MCategoryTableView.m; path = Daigou/Controller/Product/MCategoryTableView.m; sourceTree = SOURCE_ROOT; };
		3C64486B1BA0457400873739 /* UISelectContainerViewController.h */ = {isa = PBXFileReference; fileEncoding = 4; lastKnownFileType = sourcecode.c.h; name = UISelectContainerViewController.h; path = Daigou/Controller/Product/UISelectContainerViewController.h; sourceTree = SOURCE_ROOT; };
		3C64486C1BA0457400873739 /* UISelectContainerViewController.m */ = {isa = PBXFileReference; fileEncoding = 4; lastKnownFileType = sourcecode.c.objc; name = UISelectContainerViewController.m; path = Daigou/Controller/Product/UISelectContainerViewController.m; sourceTree = SOURCE_ROOT; };
		3C64832F1B494BE800EFAE4E /* CustomInfoTests.m */ = {isa = PBXFileReference; fileEncoding = 4; lastKnownFileType = sourcecode.c.objc; name = CustomInfoTests.m; path = Model/Mine/CustomInfoTests.m; sourceTree = "<group>"; };
		3C6483391B49642700EFAE4E /* daigou.db */ = {isa = PBXFileReference; lastKnownFileType = file; path = daigou.db; sourceTree = "<group>"; };
		3C6D85611B4BFBB10076F4AE /* DropDownListView.h */ = {isa = PBXFileReference; fileEncoding = 4; lastKnownFileType = sourcecode.c.h; name = DropDownListView.h; path = DropDownMenu/DropDownListView.h; sourceTree = "<group>"; };
		3C6D85621B4BFBB10076F4AE /* DropDownListView.m */ = {isa = PBXFileReference; fileEncoding = 4; lastKnownFileType = sourcecode.c.objc; name = DropDownListView.m; path = DropDownMenu/DropDownListView.m; sourceTree = "<group>"; };
		3C6D85681B4DDFD20076F4AE /* Product.h */ = {isa = PBXFileReference; fileEncoding = 4; lastKnownFileType = sourcecode.c.h; name = Product.h; path = ProductCategory/Product.h; sourceTree = "<group>"; };
		3C6D85691B4DDFD20076F4AE /* Product.m */ = {isa = PBXFileReference; fileEncoding = 4; lastKnownFileType = sourcecode.c.objc; name = Product.m; path = ProductCategory/Product.m; sourceTree = "<group>"; };
		3C6D856B1B4DDFE70076F4AE /* ProductManagement.h */ = {isa = PBXFileReference; fileEncoding = 4; lastKnownFileType = sourcecode.c.h; name = ProductManagement.h; path = ProductCategory/ProductManagement.h; sourceTree = "<group>"; };
		3C6D856C1B4DDFE70076F4AE /* ProductManagement.m */ = {isa = PBXFileReference; fileEncoding = 4; lastKnownFileType = sourcecode.c.objc; name = ProductManagement.m; path = ProductCategory/ProductManagement.m; sourceTree = "<group>"; };
		3C6DDF1A1B43F86C000B8152 /* MShowDetailCell.h */ = {isa = PBXFileReference; fileEncoding = 4; lastKnownFileType = sourcecode.c.h; name = MShowDetailCell.h; path = Daigou/View/Mine/Custom/MShowDetailCell.h; sourceTree = SOURCE_ROOT; };
		3C6DDF1B1B43F86C000B8152 /* MShowDetailCell.m */ = {isa = PBXFileReference; fileEncoding = 4; lastKnownFileType = sourcecode.c.objc; name = MShowDetailCell.m; path = Daigou/View/Mine/Custom/MShowDetailCell.m; sourceTree = SOURCE_ROOT; };
		3C6DDF1E1B44018F000B8152 /* MShowCustomDetailViewController.h */ = {isa = PBXFileReference; fileEncoding = 4; lastKnownFileType = sourcecode.c.h; name = MShowCustomDetailViewController.h; path = Custom/MShowCustomDetailViewController.h; sourceTree = "<group>"; };
		3C6DDF1F1B44018F000B8152 /* MShowCustomDetailViewController.m */ = {isa = PBXFileReference; fileEncoding = 4; lastKnownFileType = sourcecode.c.objc; name = MShowCustomDetailViewController.m; path = Custom/MShowCustomDetailViewController.m; sourceTree = "<group>"; };
		3C6DDF211B440D4A000B8152 /* MAddCusInfoViewController.h */ = {isa = PBXFileReference; fileEncoding = 4; lastKnownFileType = sourcecode.c.h; path = MAddCusInfoViewController.h; sourceTree = "<group>"; };
		3C6DDF221B440D4A000B8152 /* MAddCusInfoViewController.m */ = {isa = PBXFileReference; fileEncoding = 4; lastKnownFileType = sourcecode.c.objc; path = MAddCusInfoViewController.m; sourceTree = "<group>"; };
		3C6DDF241B441156000B8152 /* MEditCustomInfoViewController.h */ = {isa = PBXFileReference; fileEncoding = 4; lastKnownFileType = sourcecode.c.h; name = MEditCustomInfoViewController.h; path = Custom/MEditCustomInfoViewController.h; sourceTree = "<group>"; };
		3C6DDF251B441156000B8152 /* MEditCustomInfoViewController.m */ = {isa = PBXFileReference; fileEncoding = 4; lastKnownFileType = sourcecode.c.objc; name = MEditCustomInfoViewController.m; path = Custom/MEditCustomInfoViewController.m; sourceTree = "<group>"; };
		3C6DDF271B4412EC000B8152 /* MEditDetailCell.h */ = {isa = PBXFileReference; fileEncoding = 4; lastKnownFileType = sourcecode.c.h; name = MEditDetailCell.h; path = Custom/MEditDetailCell.h; sourceTree = "<group>"; };
		3C6DDF281B4412EC000B8152 /* MEditDetailCell.m */ = {isa = PBXFileReference; fileEncoding = 4; lastKnownFileType = sourcecode.c.objc; name = MEditDetailCell.m; path = Custom/MEditDetailCell.m; sourceTree = "<group>"; };
		3C6E1DF01B9DD50A0062FBF0 /* UIProductInfoEditViewController.h */ = {isa = PBXFileReference; fileEncoding = 4; lastKnownFileType = sourcecode.c.h; name = UIProductInfoEditViewController.h; path = Daigou/Controller/Product/UIProductInfoEditViewController.h; sourceTree = SOURCE_ROOT; };
		3C6E1DF11B9DD50A0062FBF0 /* UIProductInfoEditViewController.m */ = {isa = PBXFileReference; fileEncoding = 4; lastKnownFileType = sourcecode.c.objc; name = UIProductInfoEditViewController.m; path = Daigou/Controller/Product/UIProductInfoEditViewController.m; sourceTree = SOURCE_ROOT; };
		3C6EECBA1B2C3D7B00C7478F /* Daigou.app */ = {isa = PBXFileReference; explicitFileType = wrapper.application; includeInIndex = 0; path = Daigou.app; sourceTree = BUILT_PRODUCTS_DIR; };
		3C6EECBE1B2C3D7B00C7478F /* Info.plist */ = {isa = PBXFileReference; lastKnownFileType = text.plist.xml; path = Info.plist; sourceTree = "<group>"; };
		3C6EECBF1B2C3D7B00C7478F /* main.m */ = {isa = PBXFileReference; lastKnownFileType = sourcecode.c.objc; path = main.m; sourceTree = "<group>"; };
		3C6EECCB1B2C3D7B00C7478F /* Base */ = {isa = PBXFileReference; lastKnownFileType = file.storyboard; name = Base; path = Base.lproj/Main.storyboard; sourceTree = "<group>"; };
		3C6EECD01B2C3D7B00C7478F /* Base */ = {isa = PBXFileReference; lastKnownFileType = file.xib; name = Base; path = Base.lproj/LaunchScreen.xib; sourceTree = "<group>"; };
		3C6EECD61B2C3D7B00C7478F /* DaigouTests.xctest */ = {isa = PBXFileReference; explicitFileType = wrapper.cfbundle; includeInIndex = 0; path = DaigouTests.xctest; sourceTree = BUILT_PRODUCTS_DIR; };
		3C6EECDB1B2C3D7B00C7478F /* Info.plist */ = {isa = PBXFileReference; lastKnownFileType = text.plist.xml; path = Info.plist; sourceTree = "<group>"; };
		3C6EED1C1B2C5E2300C7478F /* Images.xcassets */ = {isa = PBXFileReference; lastKnownFileType = folder.assetcatalog; path = Images.xcassets; sourceTree = "<group>"; };
		3C6EED1F1B2C5E6100C7478F /* AppDelegate.h */ = {isa = PBXFileReference; fileEncoding = 4; lastKnownFileType = sourcecode.c.h; path = AppDelegate.h; sourceTree = "<group>"; };
		3C6EED201B2C5E6100C7478F /* AppDelegate.m */ = {isa = PBXFileReference; fileEncoding = 4; lastKnownFileType = sourcecode.c.objc; path = AppDelegate.m; sourceTree = "<group>"; };
		3C6EED211B2C5E6100C7478F /* DGViewController.h */ = {isa = PBXFileReference; fileEncoding = 4; lastKnownFileType = sourcecode.c.h; path = DGViewController.h; sourceTree = "<group>"; };
		3C6EED221B2C5E6100C7478F /* DGViewController.m */ = {isa = PBXFileReference; fileEncoding = 4; lastKnownFileType = sourcecode.c.objc; path = DGViewController.m; sourceTree = "<group>"; };
		3C70BF0A1B9F0B9500C17481 /* UIScanViewController.h */ = {isa = PBXFileReference; fileEncoding = 4; lastKnownFileType = sourcecode.c.h; name = UIScanViewController.h; path = Daigou/Controller/Product/UIScanViewController.h; sourceTree = SOURCE_ROOT; };
		3C70BF0B1B9F0B9500C17481 /* UIScanViewController.m */ = {isa = PBXFileReference; fileEncoding = 4; lastKnownFileType = sourcecode.c.objc; name = UIScanViewController.m; path = Daigou/Controller/Product/UIScanViewController.m; sourceTree = SOURCE_ROOT; };
		3C7794311B7ECB9A0034D91D /* UITextField+UITextFieldAccessory.h */ = {isa = PBXFileReference; fileEncoding = 4; lastKnownFileType = sourcecode.c.h; name = "UITextField+UITextFieldAccessory.h"; path = "Extension/UITextField+UITextFieldAccessory.h"; sourceTree = "<group>"; };
		3C7794321B7ECB9A0034D91D /* UITextField+UITextFieldAccessory.m */ = {isa = PBXFileReference; fileEncoding = 4; lastKnownFileType = sourcecode.c.objc; name = "UITextField+UITextFieldAccessory.m"; path = "Extension/UITextField+UITextFieldAccessory.m"; sourceTree = "<group>"; };
		3C7794371B7F647E0034D91D /* OrderDetailViewController.h */ = {isa = PBXFileReference; fileEncoding = 4; lastKnownFileType = sourcecode.c.h; path = OrderDetailViewController.h; sourceTree = "<group>"; };
		3C7794381B7F647E0034D91D /* OrderDetailViewController.m */ = {isa = PBXFileReference; fileEncoding = 4; lastKnownFileType = sourcecode.c.objc; path = OrderDetailViewController.m; sourceTree = "<group>"; };
		3C77943A1B7FFD6D0034D91D /* OrderDeliveryStatusViewController.h */ = {isa = PBXFileReference; fileEncoding = 4; lastKnownFileType = sourcecode.c.h; path = OrderDeliveryStatusViewController.h; sourceTree = "<group>"; };
		3C77943B1B7FFD6D0034D91D /* OrderDeliveryStatusViewController.m */ = {isa = PBXFileReference; fileEncoding = 4; lastKnownFileType = sourcecode.c.objc; path = OrderDeliveryStatusViewController.m; sourceTree = "<group>"; };
		3C8F6F721B987B1B00A920A3 /* DGAddressBook.h */ = {isa = PBXFileReference; fileEncoding = 4; lastKnownFileType = sourcecode.c.h; path = DGAddressBook.h; sourceTree = "<group>"; };
		3C8F6F731B987B1B00A920A3 /* DGAddressBook.m */ = {isa = PBXFileReference; fileEncoding = 4; lastKnownFileType = sourcecode.c.objc; path = DGAddressBook.m; sourceTree = "<group>"; };
		3C8F6F761B98804C00A920A3 /* AddressBookTableViewController.h */ = {isa = PBXFileReference; fileEncoding = 4; lastKnownFileType = sourcecode.c.h; name = AddressBookTableViewController.h; path = Custom/AddressBook/AddressBookTableViewController.h; sourceTree = "<group>"; };
		3C8F6F771B98804C00A920A3 /* AddressBookTableViewController.m */ = {isa = PBXFileReference; fileEncoding = 4; lastKnownFileType = sourcecode.c.objc; name = AddressBookTableViewController.m; path = Custom/AddressBook/AddressBookTableViewController.m; sourceTree = "<group>"; };
		3C9A1F491B9705580030647B /* StockListCell.h */ = {isa = PBXFileReference; fileEncoding = 4; lastKnownFileType = sourcecode.c.h; path = StockListCell.h; sourceTree = "<group>"; };
		3C9A1F4A1B9705580030647B /* StockListCell.m */ = {isa = PBXFileReference; fileEncoding = 4; lastKnownFileType = sourcecode.c.objc; path = StockListCell.m; sourceTree = "<group>"; };
		3CA1A2921B551FCD00C0A74C /* OAddNewOrderViewController.h */ = {isa = PBXFileReference; fileEncoding = 4; lastKnownFileType = sourcecode.c.h; path = OAddNewOrderViewController.h; sourceTree = "<group>"; };
		3CA1A2931B551FCD00C0A74C /* OAddNewOrderViewController.m */ = {isa = PBXFileReference; fileEncoding = 4; lastKnownFileType = sourcecode.c.objc; path = OAddNewOrderViewController.m; sourceTree = "<group>"; };
		3CA1A2951B56884200C0A74C /* OrderItemView.h */ = {isa = PBXFileReference; fileEncoding = 4; lastKnownFileType = sourcecode.c.h; name = OrderItemView.h; path = Daigou/View/Order/OrderItemView.h; sourceTree = SOURCE_ROOT; };
		3CA1A2961B56884200C0A74C /* OrderItemView.m */ = {isa = PBXFileReference; fileEncoding = 4; lastKnownFileType = sourcecode.c.objc; name = OrderItemView.m; path = Daigou/View/Order/OrderItemView.m; sourceTree = SOURCE_ROOT; };
		3CA1A2981B56942400C0A74C /* OrderProductsViewController.h */ = {isa = PBXFileReference; fileEncoding = 4; lastKnownFileType = sourcecode.c.h; path = OrderProductsViewController.h; sourceTree = "<group>"; };
		3CA1A2991B56942400C0A74C /* OrderProductsViewController.m */ = {isa = PBXFileReference; fileEncoding = 4; lastKnownFileType = sourcecode.c.objc; path = OrderProductsViewController.m; sourceTree = "<group>"; };
		3CA1A29B1B5694A100C0A74C /* OrderBasketViewController.h */ = {isa = PBXFileReference; fileEncoding = 4; lastKnownFileType = sourcecode.c.h; path = OrderBasketViewController.h; sourceTree = "<group>"; };
		3CA1A29C1B5694A100C0A74C /* OrderBasketViewController.m */ = {isa = PBXFileReference; fileEncoding = 4; lastKnownFileType = sourcecode.c.objc; path = OrderBasketViewController.m; sourceTree = "<group>"; };
		3CBF22EB1B7B6A4D00F3EB72 /* UILabelStrikeThrough.h */ = {isa = PBXFileReference; fileEncoding = 4; lastKnownFileType = sourcecode.c.h; name = UILabelStrikeThrough.h; path = Extension/UILabelStrikeThrough.h; sourceTree = "<group>"; };
		3CBF22EC1B7B6A4D00F3EB72 /* UILabelStrikeThrough.m */ = {isa = PBXFileReference; fileEncoding = 4; lastKnownFileType = sourcecode.c.objc; name = UILabelStrikeThrough.m; path = Extension/UILabelStrikeThrough.m; sourceTree = "<group>"; };
		3CC462B81B9312ED002B92C8 /* ProcurementStatusListTableView.h */ = {isa = PBXFileReference; fileEncoding = 4; lastKnownFileType = sourcecode.c.h; path = ProcurementStatusListTableView.h; sourceTree = "<group>"; };
		3CC462B91B9312ED002B92C8 /* ProcurementStatusListTableView.m */ = {isa = PBXFileReference; fileEncoding = 4; lastKnownFileType = sourcecode.c.objc; path = ProcurementStatusListTableView.m; sourceTree = "<group>"; };
		3CFC01DF1B913BD400995CAB /* UISearchBar+UISearchBarAccessory.h */ = {isa = PBXFileReference; fileEncoding = 4; lastKnownFileType = sourcecode.c.h; name = "UISearchBar+UISearchBarAccessory.h"; path = "Extension/UISearchBar+UISearchBarAccessory.h"; sourceTree = "<group>"; };
		3CFC01E01B913BD400995CAB /* UISearchBar+UISearchBarAccessory.m */ = {isa = PBXFileReference; fileEncoding = 4; lastKnownFileType = sourcecode.c.objc; name = "UISearchBar+UISearchBarAccessory.m"; path = "Extension/UISearchBar+UISearchBarAccessory.m"; sourceTree = "<group>"; };
		60015C4B43E1105AC2D795B4 /* libPods-Daigou.a */ = {isa = PBXFileReference; explicitFileType = archive.ar; includeInIndex = 0; path = "libPods-Daigou.a"; sourceTree = BUILT_PRODUCTS_DIR; };
		63EC5C4AF44B02D95DE319F4 /* Pods-Daigou.debug.xcconfig */ = {isa = PBXFileReference; includeInIndex = 1; lastKnownFileType = text.xcconfig; name = "Pods-Daigou.debug.xcconfig"; path = "Pods/Target Support Files/Pods-Daigou/Pods-Daigou.debug.xcconfig"; sourceTree = "<group>"; };
		8E9DE06086462CEABFF0A4F0 /* Pods-Daigou.release.xcconfig */ = {isa = PBXFileReference; includeInIndex = 1; lastKnownFileType = text.xcconfig; name = "Pods-Daigou.release.xcconfig"; path = "Pods/Target Support Files/Pods-Daigou/Pods-Daigou.release.xcconfig"; sourceTree = "<group>"; };
/* End PBXFileReference section */

/* Begin PBXFrameworksBuildPhase section */
		3C6EECB71B2C3D7B00C7478F /* Frameworks */ = {
			isa = PBXFrameworksBuildPhase;
			buildActionMask = 2147483647;
			files = (
				3C62499A1B3C268A008F34C7 /* libsqlite3.dylib in Frameworks */,
				2538C6490BD7E648D4DE5030 /* libPods-Daigou.a in Frameworks */,
			);
			runOnlyForDeploymentPostprocessing = 0;
		};
		3C6EECD31B2C3D7B00C7478F /* Frameworks */ = {
			isa = PBXFrameworksBuildPhase;
			buildActionMask = 2147483647;
			files = (
			);
			runOnlyForDeploymentPostprocessing = 0;
		};
/* End PBXFrameworksBuildPhase section */

/* Begin PBXGroup section */
		19B0F100AB9F65AA637957B8 /* Mine */ = {
			isa = PBXGroup;
			children = (
				3CC133C21B5249D2009976AF /* Help */,
				3C6D85651B4DDF950076F4AE /* ProductCategory */,
				3C6D85641B4DDF880076F4AE /* CustomInfo */,
				3C6D85601B4BFB650076F4AE /* DropDownMenu */,
			);
			path = Mine;
			sourceTree = "<group>";
		};
		19B0F24FE9CC9165CDBF8588 /* Order */ = {
			isa = PBXGroup;
			children = (
				3C036AF41B59136400DBF0B9 /* Order */,
			);
			path = Order;
			sourceTree = "<group>";
		};
		19B0F2702E82E20C5D43D510 /* Model */ = {
			isa = PBXGroup;
			children = (
				3C2C7DB51B9BE05E00D1DCC0 /* Express */,
				19B0FBCBCC2E82E04CA10AE6 /* Add */,
				19B0FDC79F375A6C71079B5E /* Mine */,
				19B0F24FE9CC9165CDBF8588 /* Order */,
				19B0FD27AB863D7DF63C1A7B /* Stock */,
			);
			path = Model;
			sourceTree = "<group>";
		};
		19B0F465C711BD9D8D141010 /* Stock */ = {
			isa = PBXGroup;
			children = (
				19B0F1B4311BCA42CF7B3AE9 /* Stock.storyboard */,
				19B0F245CE78B94CFB16ED10 /* StockViewController.h */,
				19B0F1B595271C47494B85C4 /* StockViewController.m */,
				3C0BBDA71B9484E100BA0E1E /* StockStatusListTableView.h */,
				3C0BBDA81B9484E100BA0E1E /* StockStatusListTableView.m */,
			);
			path = Stock;
			sourceTree = "<group>";
		};
		19B0F483D4149C7D43F96FCF /* Product */ = {
			isa = PBXGroup;
			children = (
				3C3021741B514B3B001A741D /* MShowProductDetailViewController.h */,
				3C3021751B514B3B001A741D /* MShowProductDetailViewController.m */,
				3C3021771B514B60001A741D /* MEditProductViewController.h */,
				3C3021781B514B60001A741D /* MEditProductViewController.m */,
			);
			path = Product;
			sourceTree = "<group>";
		};
		19B0F549668E525B1D07A561 /* Stock */ = {
			isa = PBXGroup;
			children = (
				3C9A1F491B9705580030647B /* StockListCell.h */,
				3C9A1F4A1B9705580030647B /* StockListCell.m */,
			);
			path = Stock;
			sourceTree = "<group>";
		};
		19B0F5CE6A77B4016CEF46B6 /* View */ = {
			isa = PBXGroup;
			children = (
				3C442A391B770AC2008BF244 /* Help */,
				19B0FC8D05008E59E2B085CA /* Add */,
				19B0F100AB9F65AA637957B8 /* Mine */,
				19B0F8DDCA4A348E3D3D3F95 /* Order */,
				19B0F88A6E4050FBC9DA84F6 /* Procurement */,
				19B0F549668E525B1D07A561 /* Stock */,
			);
			path = View;
			sourceTree = "<group>";
		};
		19B0F7516A5C6AFDBD135755 /* Order */ = {
			isa = PBXGroup;
			children = (
				3C56616D1B679AD30082F49E /* PickOrder */,
				19B0FA38422F0DFB1AFDD799 /* Order.storyboard */,
				19B0F12B1F71973E20970770 /* OrderViewController.h */,
				19B0F72631E39FD08240B2CC /* OrderViewController.m */,
				3C7794371B7F647E0034D91D /* OrderDetailViewController.h */,
				3C7794381B7F647E0034D91D /* OrderDetailViewController.m */,
				3CA1A2921B551FCD00C0A74C /* OAddNewOrderViewController.h */,
				3CA1A2931B551FCD00C0A74C /* OAddNewOrderViewController.m */,
				3CA1A29B1B5694A100C0A74C /* OrderBasketViewController.h */,
				3CA1A29C1B5694A100C0A74C /* OrderBasketViewController.m */,
				3CA1A2981B56942400C0A74C /* OrderProductsViewController.h */,
				3CA1A2991B56942400C0A74C /* OrderProductsViewController.m */,
				3C442A361B760ACE008BF244 /* OrderStausListTableView.h */,
				3C442A371B760ACE008BF244 /* OrderStausListTableView.m */,
				3C77943A1B7FFD6D0034D91D /* OrderDeliveryStatusViewController.h */,
				3C77943B1B7FFD6D0034D91D /* OrderDeliveryStatusViewController.m */,
			);
			path = Order;
			sourceTree = "<group>";
		};
		19B0F8345A9DD2655658FEB2 /* Controller */ = {
			isa = PBXGroup;
			children = (
				19B0F465C711BD9D8D141010 /* Stock */,
				19B0FA400B7BD39D78297CEC /* Procurement */,
				19B0F7516A5C6AFDBD135755 /* Order */,
				19B0FBF2D12C98B6BD76F533 /* Mine */,
				19B0FE79E07BCDD49D4544E4 /* Product */,
			);
			path = Controller;
			sourceTree = "<group>";
		};
		19B0F88A6E4050FBC9DA84F6 /* Procurement */ = {
			isa = PBXGroup;
			children = (
				3C0BBDA41B94601700BA0E1E /* ProcurementListCell.h */,
				3C0BBDA51B94601700BA0E1E /* ProcurementListCell.m */,
			);
			path = Procurement;
			sourceTree = "<group>";
		};
		19B0F8DDCA4A348E3D3D3F95 /* Order */ = {
			isa = PBXGroup;
			children = (
				3CA1A2951B56884200C0A74C /* OrderItemView.h */,
				3CA1A2961B56884200C0A74C /* OrderItemView.m */,
				3C127AE81B836831008D47DF /* OrderItemPhoneView.h */,
				3C127AE91B836831008D47DF /* OrderItemPhoneView.m */,
				3C036AFB1B59FBD100DBF0B9 /* OrderBasketCell.h */,
				3C036AFC1B59FBD100DBF0B9 /* OrderBasketCell.m */,
				3C56783C1B5B6AC2001B6B40 /* OrderListCell.h */,
				3C56783D1B5B6AC2001B6B40 /* OrderListCell.m */,
				3C127AE51B834554008D47DF /* OrderItemBenifitCell.h */,
				3C127AE61B834554008D47DF /* OrderItemBenifitCell.m */,
			);
			path = Order;
			sourceTree = "<group>";
		};
		19B0FA400B7BD39D78297CEC /* Procurement */ = {
			isa = PBXGroup;
			children = (
				19B0F6F26C67FEFD48FD7CBA /* Procurement.storyboard */,
				19B0F2D2E926566BD7FA217A /* ProcurementViewController.h */,
				19B0F4ED6DD81F5AFD814721 /* ProcurementViewController.m */,
				3CC462B81B9312ED002B92C8 /* ProcurementStatusListTableView.h */,
				3CC462B91B9312ED002B92C8 /* ProcurementStatusListTableView.m */,
			);
			path = Procurement;
			sourceTree = "<group>";
		};
		19B0FBCBCC2E82E04CA10AE6 /* Add */ = {
			isa = PBXGroup;
			children = (
			);
			path = Add;
			sourceTree = "<group>";
		};
		19B0FBF2D12C98B6BD76F533 /* Mine */ = {
			isa = PBXGroup;
			children = (
				3CE58DB91B3E753E0056621A /* Custom */,
				19B0F483D4149C7D43F96FCF /* Product */,
				19B0F283014B25096F1FFF78 /* Mine.storyboard */,
				19B0FCB5EDA47D1FB5F6A0FB /* MineViewController.h */,
				19B0F5DA4991C3F2C82AEAE3 /* MineViewController.m */,
				3C62498C1B3C1395008F34C7 /* MCustInfoViewController.h */,
				3C62498D1B3C1395008F34C7 /* MCustInfoViewController.m */,
				3C62497A1B3C1151008F34C7 /* MProductCatalogViewController.h */,
				3C62497B1B3C1151008F34C7 /* MProductCatalogViewController.m */,
				3C62497D1B3C1173008F34C7 /* MDeliveryManagementViewController.h */,
				3C62497E1B3C1173008F34C7 /* MDeliveryManagementViewController.m */,
				3C6249801B3C11A5008F34C7 /* MFinanceViewController.h */,
				3C6249811B3C11A5008F34C7 /* MFinanceViewController.m */,
				3C6249831B3C11BC008F34C7 /* MSettingViewController.h */,
				3C6249841B3C11BC008F34C7 /* MSettingViewController.m */,
				3C6249861B3C11CB008F34C7 /* MSharingViewController.h */,
				3C6249871B3C11CB008F34C7 /* MSharingViewController.m */,
				3C6249891B3C11D6008F34C7 /* MAboutViewController.h */,
				3C62498A1B3C11D6008F34C7 /* MAboutViewController.m */,
			);
			path = Mine;
			sourceTree = "<group>";
		};
		19B0FC8D05008E59E2B085CA /* Add */ = {
			isa = PBXGroup;
			children = (
			);
			path = Add;
			sourceTree = "<group>";
		};
		19B0FD27AB863D7DF63C1A7B /* Stock */ = {
			isa = PBXGroup;
			children = (
			);
			path = Stock;
			sourceTree = "<group>";
		};
		19B0FDC79F375A6C71079B5E /* Mine */ = {
			isa = PBXGroup;
			children = (
				3C30215F1B4FDEF1001A741D /* Brand */,
				3C30215E1B4FDEE8001A741D /* Category */,
				3C6D85671B4DDFAE0076F4AE /* CustomInfo */,
				3C6D85661B4DDFAA0076F4AE /* Product */,
			);
			path = Mine;
			sourceTree = "<group>";
		};
		19B0FE79E07BCDD49D4544E4 /* Product */ = {
			isa = PBXGroup;
			children = (
				3C64485F1BA00AAB00873739 /* MProductItemCell.h */,
				3C6448601BA00AAB00873739 /* MProductItemCell.m */,
				3C6448611BA00AAB00873739 /* MProductsViewController.h */,
				3C6448621BA00AAB00873739 /* MProductsViewController.m */,
				3C2C7DBF1B9C5C0E00D1DCC0 /* UISearchViewController.h */,
				3C2C7DC01B9C5C0E00D1DCC0 /* UISearchViewController.m */,
				3C2C7DC41B9C71B500D1DCC0 /* UIProductDetailViewController.h */,
				3C2C7DC51B9C71B500D1DCC0 /* UIProductDetailViewController.m */,
				3C6E1DF01B9DD50A0062FBF0 /* UIProductInfoEditViewController.h */,
				3C6E1DF11B9DD50A0062FBF0 /* UIProductInfoEditViewController.m */,
				3C70BF0A1B9F0B9500C17481 /* UIScanViewController.h */,
				3C70BF0B1B9F0B9500C17481 /* UIScanViewController.m */,
				3C6448651BA00CD800873739 /* MBrandTableView.h */,
				3C6448661BA00CD800873739 /* MBrandTableView.m */,
				3C6448681BA03EAE00873739 /* MCategoryTableView.h */,
				3C6448691BA03EAE00873739 /* MCategoryTableView.m */,
				3C64486B1BA0457400873739 /* UISelectContainerViewController.h */,
				3C64486C1BA0457400873739 /* UISelectContainerViewController.m */,
			);
			name = Product;
			path = Add;
			sourceTree = "<group>";
		};
		3C036AF41B59136400DBF0B9 /* Order */ = {
			isa = PBXGroup;
			children = (
				3C036AF51B5913A200DBF0B9 /* OrderItem.h */,
				3C036AF61B5913A200DBF0B9 /* OrderItem.m */,
				3C036AF81B59325500DBF0B9 /* OrderItemManagement.h */,
				3C036AF91B59325500DBF0B9 /* OrderItemManagement.m */,
				3C5678361B5B25E1001B6B40 /* OProductItem.h */,
				3C5678371B5B25E1001B6B40 /* OProductItem.m */,
			);
			name = Order;
			path = ../Procurement;
			sourceTree = "<group>";
		};
		3C2C7DB51B9BE05E00D1DCC0 /* Express */ = {
			isa = PBXGroup;
			children = (
				3C2C7DB61B9BE07900D1DCC0 /* Express.h */,
				3C2C7DB71B9BE07900D1DCC0 /* Express.m */,
				3C2C7DB91B9C05BD00D1DCC0 /* ExpressManagement.h */,
				3C2C7DBA1B9C05BD00D1DCC0 /* ExpressManagement.m */,
			);
			name = Express;
			sourceTree = "<group>";
		};
		3C2C7DBC1B9C08BE00D1DCC0 /* Express */ = {
			isa = PBXGroup;
			children = (
				3C2C7DBD1B9C08EC00D1DCC0 /* ExpressTest.m */,
			);
			name = Express;
			sourceTree = "<group>";
		};
		3C30215D1B4FDE1E001A741D /* Product */ = {
			isa = PBXGroup;
			children = (
				3C30215B1B4FDE1A001A741D /* ProductTest.m */,
			);
			name = Product;
			sourceTree = "<group>";
		};
		3C30215E1B4FDEE8001A741D /* Category */ = {
			isa = PBXGroup;
			children = (
				3C3021631B4FDF1B001A741D /* ProductCategory.h */,
				3C3021641B4FDF1B001A741D /* ProductCategory.m */,
				3C3021691B50C841001A741D /* ProductCategoryManagement.h */,
				3C30216A1B50C841001A741D /* ProductCategoryManagement.m */,
			);
			name = Category;
			sourceTree = "<group>";
		};
		3C30215F1B4FDEF1001A741D /* Brand */ = {
			isa = PBXGroup;
			children = (
				3C3021601B4FDF09001A741D /* Brand.h */,
				3C3021611B4FDF09001A741D /* Brand.m */,
				3C3021661B50C82A001A741D /* BrandManagement.h */,
				3C3021671B50C82A001A741D /* BrandManagement.m */,
			);
			name = Brand;
			sourceTree = "<group>";
		};
		3C3021701B5140D0001A741D /* Help */ = {
			isa = PBXGroup;
			children = (
				3C3021711B5140E3001A741D /* ErrorHelper.h */,
				3C3021721B5140E3001A741D /* ErrorHelper.m */,
				3C442A331B74D8E8008BF244 /* DateUtil.h */,
				3C442A341B74D8E8008BF244 /* DateUtil.m */,
			);
			name = Help;
			sourceTree = "<group>";
		};
		3C442A391B770AC2008BF244 /* Help */ = {
			isa = PBXGroup;
			children = (
				3C442A3A1B770B14008BF244 /* UIPickerViewCell.h */,
				3C442A3B1B770B14008BF244 /* UIPickerViewCell.m */,
			);
			name = Help;
			sourceTree = "<group>";
		};
		3C56616D1B679AD30082F49E /* PickOrder */ = {
			isa = PBXGroup;
			children = (
				3C56616E1B679B2E0082F49E /* OrderPickProductsMainViewController.h */,
				3C56616F1B679B2E0082F49E /* OrderPickProductsMainViewController.m */,
				3C5661741B679B910082F49E /* OrderProductsRightTableView.h */,
				3C5661751B679B910082F49E /* OrderProductsRightTableView.m */,
				3C56617A1B67AC6A0082F49E /* OrderProductsRightCell.h */,
				3C56617B1B67AC6A0082F49E /* OrderProductsRightCell.m */,
				3C344AA61B6CD46500818F19 /* OrderBasketPickerViewController.h */,
				3C344AA71B6CD46500818F19 /* OrderBasketPickerViewController.m */,
				3C344AAF1B6CF6B600818F19 /* OrderBasketPickerCell.h */,
				3C344AB01B6CF6B600818F19 /* OrderBasketPickerCell.m */,
				3C5D0B4F1B8C9730006FFC87 /* OrderSiderBarViewController.h */,
				3C5D0B501B8C9730006FFC87 /* OrderSiderBarViewController.m */,
			);
			name = PickOrder;
			sourceTree = "<group>";
		};
		3C5678391B5B29F8001B6B40 /* Order */ = {
			isa = PBXGroup;
			children = (
				3C56783A1B5B2A08001B6B40 /* OrderItemTest.m */,
			);
			name = Order;
			sourceTree = "<group>";
		};
		3C5D0B551B8C990A006FFC87 /* LLBlurSiderBar */ = {
			isa = PBXGroup;
			children = (
				3C5D0B521B8C9904006FFC87 /* LLBlurSidebar.h */,
				3C5D0B531B8C9904006FFC87 /* LLBlurSidebar.m */,
			);
			name = LLBlurSiderBar;
			sourceTree = "<group>";
		};
		3C64832D1B494BB600EFAE4E /* Model */ = {
			isa = PBXGroup;
			children = (
				3C2C7DBC1B9C08BE00D1DCC0 /* Express */,
				3C5678391B5B29F8001B6B40 /* Order */,
				3C30215D1B4FDE1E001A741D /* Product */,
				3C64832E1B494BC000EFAE4E /* Mine */,
				3C30216C1B50D1E6001A741D /* BrandTest.m */,
				3C30216E1B50D312001A741D /* CategoryTest.m */,
			);
			name = Model;
			sourceTree = "<group>";
		};
		3C64832E1B494BC000EFAE4E /* Mine */ = {
			isa = PBXGroup;
			children = (
				3C64832F1B494BE800EFAE4E /* CustomInfoTests.m */,
			);
			name = Mine;
			sourceTree = "<group>";
		};
		3C6D85601B4BFB650076F4AE /* DropDownMenu */ = {
			isa = PBXGroup;
			children = (
				3C6D85611B4BFBB10076F4AE /* DropDownListView.h */,
				3C6D85621B4BFBB10076F4AE /* DropDownListView.m */,
			);
			name = DropDownMenu;
			sourceTree = "<group>";
		};
		3C6D85641B4DDF880076F4AE /* CustomInfo */ = {
			isa = PBXGroup;
			children = (
			);
			name = CustomInfo;
			sourceTree = "<group>";
		};
		3C6D85651B4DDF950076F4AE /* ProductCategory */ = {
			isa = PBXGroup;
			children = (
				3C3021551B4F98DF001A741D /* ProductItemCell.h */,
				3C3021561B4F98DF001A741D /* ProductItemCell.m */,
				3C3021571B4F98DF001A741D /* ProductItemFrame.h */,
				3C3021581B4F98DF001A741D /* ProductItemFrame.m */,
			);
			name = ProductCategory;
			sourceTree = "<group>";
		};
		3C6D85661B4DDFAA0076F4AE /* Product */ = {
			isa = PBXGroup;
			children = (
				3C6D85681B4DDFD20076F4AE /* Product.h */,
				3C6D85691B4DDFD20076F4AE /* Product.m */,
				3C6D856B1B4DDFE70076F4AE /* ProductManagement.h */,
				3C6D856C1B4DDFE70076F4AE /* ProductManagement.m */,
				3C344AAC1B6CED2D00818F19 /* ProductWithCount.h */,
				3C344AAD1B6CED2D00818F19 /* ProductWithCount.m */,
			);
			name = Product;
			sourceTree = "<group>";
		};
		3C6D85671B4DDFAE0076F4AE /* CustomInfo */ = {
			isa = PBXGroup;
			children = (
				3C62498F1B3C1E81008F34C7 /* CustomInfo.h */,
				3C6249901B3C1E81008F34C7 /* CustomInfo.m */,
				3C6249921B3C1FDC008F34C7 /* CustomInfoManagement.h */,
				3C6249931B3C1FDC008F34C7 /* CustomInfoManagement.m */,
				3C8F6F721B987B1B00A920A3 /* DGAddressBook.h */,
				3C8F6F731B987B1B00A920A3 /* DGAddressBook.m */,
			);
			name = CustomInfo;
			sourceTree = "<group>";
		};
		3C6DDF1D1B43FA3F000B8152 /* Extension */ = {
			isa = PBXGroup;
			children = (
				3C5D0B551B8C990A006FFC87 /* LLBlurSiderBar */,
				3C0EEC6B1B4896B900FC4782 /* UIPlaceHolderTextView.h */,
				3C0EEC6C1B4896B900FC4782 /* UIPlaceHolderTextView.m */,
				3CBF22EB1B7B6A4D00F3EB72 /* UILabelStrikeThrough.h */,
				3CBF22EC1B7B6A4D00F3EB72 /* UILabelStrikeThrough.m */,
				3C7794311B7ECB9A0034D91D /* UITextField+UITextFieldAccessory.h */,
				3C7794321B7ECB9A0034D91D /* UITextField+UITextFieldAccessory.m */,
				3CFC01DF1B913BD400995CAB /* UISearchBar+UISearchBarAccessory.h */,
				3CFC01E01B913BD400995CAB /* UISearchBar+UISearchBarAccessory.m */,
			);
			name = Extension;
			sourceTree = "<group>";
		};
		3C6EECB11B2C3D7B00C7478F = {
			isa = PBXGroup;
			children = (
				3C6EECBC1B2C3D7B00C7478F /* Daigou */,
				3C6EECD91B2C3D7B00C7478F /* DaigouTests */,
				3C6EECBB1B2C3D7B00C7478F /* Products */,
				AFC2D6A2E6E1070FC7148171 /* Pods */,
				D29142CDD1368564EDD6FD72 /* Frameworks */,
			);
			sourceTree = "<group>";
		};
		3C6EECBB1B2C3D7B00C7478F /* Products */ = {
			isa = PBXGroup;
			children = (
				3C6EECBA1B2C3D7B00C7478F /* Daigou.app */,
				3C6EECD61B2C3D7B00C7478F /* DaigouTests.xctest */,
			);
			name = Products;
			sourceTree = "<group>";
		};
		3C6EECBC1B2C3D7B00C7478F /* Daigou */ = {
			isa = PBXGroup;
			children = (
				3C6EED1E1B2C5E6100C7478F /* Main */,
				3C6EECBD1B2C3D7B00C7478F /* Supporting Files */,
				19B0F8345A9DD2655658FEB2 /* Controller */,
				19B0F2702E82E20C5D43D510 /* Model */,
				19B0F5CE6A77B4016CEF46B6 /* View */,
			);
			path = Daigou;
			sourceTree = "<group>";
		};
		3C6EECBD1B2C3D7B00C7478F /* Supporting Files */ = {
			isa = PBXGroup;
			children = (
				3C6EECCA1B2C3D7B00C7478F /* Main.storyboard */,
				3C6EECCF1B2C3D7B00C7478F /* LaunchScreen.xib */,
				3C6EED1B1B2C5E2300C7478F /* Resources */,
				3C6EECBE1B2C3D7B00C7478F /* Info.plist */,
				3C6EECBF1B2C3D7B00C7478F /* main.m */,
			);
			name = "Supporting Files";
			sourceTree = "<group>";
		};
		3C6EECD91B2C3D7B00C7478F /* DaigouTests */ = {
			isa = PBXGroup;
			children = (
				3C64832D1B494BB600EFAE4E /* Model */,
				3C6EECDA1B2C3D7B00C7478F /* Supporting Files */,
			);
			path = DaigouTests;
			sourceTree = "<group>";
		};
		3C6EECDA1B2C3D7B00C7478F /* Supporting Files */ = {
			isa = PBXGroup;
			children = (
				3C6EECDB1B2C3D7B00C7478F /* Info.plist */,
			);
			name = "Supporting Files";
			sourceTree = "<group>";
		};
		3C6EED1B1B2C5E2300C7478F /* Resources */ = {
			isa = PBXGroup;
			children = (
				3C6EED1C1B2C5E2300C7478F /* Images.xcassets */,
			);
			path = Resources;
			sourceTree = "<group>";
		};
		3C6EED1E1B2C5E6100C7478F /* Main */ = {
			isa = PBXGroup;
			children = (
				3C3021701B5140D0001A741D /* Help */,
				3C6483391B49642700EFAE4E /* daigou.db */,
				3C6DDF1D1B43FA3F000B8152 /* Extension */,
				3C6EED1F1B2C5E6100C7478F /* AppDelegate.h */,
				3C6EED201B2C5E6100C7478F /* AppDelegate.m */,
				3C6EED211B2C5E6100C7478F /* DGViewController.h */,
				3C6EED221B2C5E6100C7478F /* DGViewController.m */,
				3C6249951B3C2254008F34C7 /* CommonDefines.h */,
			);
			path = Main;
			sourceTree = "<group>";
		};
		3C8F6F751B987FD500A920A3 /* AddressBook */ = {
			isa = PBXGroup;
			children = (
				3C8F6F761B98804C00A920A3 /* AddressBookTableViewController.h */,
				3C8F6F771B98804C00A920A3 /* AddressBookTableViewController.m */,
			);
			name = AddressBook;
			sourceTree = "<group>";
		};
		3CC133C21B5249D2009976AF /* Help */ = {
			isa = PBXGroup;
			children = (
				3C6DDF1A1B43F86C000B8152 /* MShowDetailCell.h */,
				3C6DDF1B1B43F86C000B8152 /* MShowDetailCell.m */,
				3C6DDF271B4412EC000B8152 /* MEditDetailCell.h */,
				3C6DDF281B4412EC000B8152 /* MEditDetailCell.m */,
			);
			name = Help;
			sourceTree = "<group>";
		};
		3CE58DB91B3E753E0056621A /* Custom */ = {
			isa = PBXGroup;
			children = (
				3C8F6F751B987FD500A920A3 /* AddressBook */,
				3C6DDF211B440D4A000B8152 /* MAddCusInfoViewController.h */,
				3C6DDF221B440D4A000B8152 /* MAddCusInfoViewController.m */,
				3C6DDF1E1B44018F000B8152 /* MShowCustomDetailViewController.h */,
				3C6DDF1F1B44018F000B8152 /* MShowCustomDetailViewController.m */,
				3C6DDF241B441156000B8152 /* MEditCustomInfoViewController.h */,
				3C6DDF251B441156000B8152 /* MEditCustomInfoViewController.m */,
			);
			name = Custom;
			sourceTree = "<group>";
		};
		AFC2D6A2E6E1070FC7148171 /* Pods */ = {
			isa = PBXGroup;
			children = (
				63EC5C4AF44B02D95DE319F4 /* Pods-Daigou.debug.xcconfig */,
				8E9DE06086462CEABFF0A4F0 /* Pods-Daigou.release.xcconfig */,
			);
			name = Pods;
			sourceTree = "<group>";
		};
		D29142CDD1368564EDD6FD72 /* Frameworks */ = {
			isa = PBXGroup;
			children = (
				3C6249991B3C268A008F34C7 /* libsqlite3.dylib */,
				60015C4B43E1105AC2D795B4 /* libPods-Daigou.a */,
			);
			name = Frameworks;
			sourceTree = "<group>";
		};
/* End PBXGroup section */

/* Begin PBXNativeTarget section */
		3C6EECB91B2C3D7B00C7478F /* Daigou */ = {
			isa = PBXNativeTarget;
			buildConfigurationList = 3C6EECE01B2C3D7B00C7478F /* Build configuration list for PBXNativeTarget "Daigou" */;
			buildPhases = (
				35DA69E1CFDD3E8CDCE9FD3E /* Check Pods Manifest.lock */,
				3C6EECB61B2C3D7B00C7478F /* Sources */,
				3C6EECB71B2C3D7B00C7478F /* Frameworks */,
				3C6EECB81B2C3D7B00C7478F /* Resources */,
				3EE476ED30DC2CB5B63A7CAF /* Copy Pods Resources */,
			);
			buildRules = (
			);
			dependencies = (
			);
			name = Daigou;
			productName = Daigou;
			productReference = 3C6EECBA1B2C3D7B00C7478F /* Daigou.app */;
			productType = "com.apple.product-type.application";
		};
		3C6EECD51B2C3D7B00C7478F /* DaigouTests */ = {
			isa = PBXNativeTarget;
			buildConfigurationList = 3C6EECE31B2C3D7B00C7478F /* Build configuration list for PBXNativeTarget "DaigouTests" */;
			buildPhases = (
				3C6EECD21B2C3D7B00C7478F /* Sources */,
				3C6EECD31B2C3D7B00C7478F /* Frameworks */,
				3C6EECD41B2C3D7B00C7478F /* Resources */,
			);
			buildRules = (
			);
			dependencies = (
				3C6EECD81B2C3D7B00C7478F /* PBXTargetDependency */,
			);
			name = DaigouTests;
			productName = DaigouTests;
			productReference = 3C6EECD61B2C3D7B00C7478F /* DaigouTests.xctest */;
			productType = "com.apple.product-type.bundle.unit-test";
		};
/* End PBXNativeTarget section */

/* Begin PBXProject section */
		3C6EECB21B2C3D7B00C7478F /* Project object */ = {
			isa = PBXProject;
			attributes = {
				LastUpgradeCheck = 0630;
				ORGANIZATIONNAME = dg;
				TargetAttributes = {
					3C6EECB91B2C3D7B00C7478F = {
						CreatedOnToolsVersion = 6.3.1;
						DevelopmentTeam = D4PV29SWU9;
					};
					3C6EECD51B2C3D7B00C7478F = {
						CreatedOnToolsVersion = 6.3.1;
						TestTargetID = 3C6EECB91B2C3D7B00C7478F;
					};
				};
			};
			buildConfigurationList = 3C6EECB51B2C3D7B00C7478F /* Build configuration list for PBXProject "Daigou" */;
			compatibilityVersion = "Xcode 3.2";
			developmentRegion = English;
			hasScannedForEncodings = 0;
			knownRegions = (
				en,
				Base,
			);
			mainGroup = 3C6EECB11B2C3D7B00C7478F;
			productRefGroup = 3C6EECBB1B2C3D7B00C7478F /* Products */;
			projectDirPath = "";
			projectRoot = "";
			targets = (
				3C6EECB91B2C3D7B00C7478F /* Daigou */,
				3C6EECD51B2C3D7B00C7478F /* DaigouTests */,
			);
		};
/* End PBXProject section */

/* Begin PBXResourcesBuildPhase section */
		3C6EECB81B2C3D7B00C7478F /* Resources */ = {
			isa = PBXResourcesBuildPhase;
			buildActionMask = 2147483647;
			files = (
				3C64833A1B49642700EFAE4E /* daigou.db in Resources */,
				3C6EECCC1B2C3D7B00C7478F /* Main.storyboard in Resources */,
				3C6EED1D1B2C5E2300C7478F /* Images.xcassets in Resources */,
				3C6EECD11B2C3D7B00C7478F /* LaunchScreen.xib in Resources */,
				19B0F7C63CDBF2FBC3CD877E /* Stock.storyboard in Resources */,
				19B0F7B656D557D701E4603D /* Procurement.storyboard in Resources */,
				19B0F9C9C08DC6F41566E215 /* Order.storyboard in Resources */,
				19B0FFC0E58C3C9F9C6B8A69 /* Mine.storyboard in Resources */,
			);
			runOnlyForDeploymentPostprocessing = 0;
		};
		3C6EECD41B2C3D7B00C7478F /* Resources */ = {
			isa = PBXResourcesBuildPhase;
			buildActionMask = 2147483647;
			files = (
			);
			runOnlyForDeploymentPostprocessing = 0;
		};
/* End PBXResourcesBuildPhase section */

/* Begin PBXShellScriptBuildPhase section */
		35DA69E1CFDD3E8CDCE9FD3E /* Check Pods Manifest.lock */ = {
			isa = PBXShellScriptBuildPhase;
			buildActionMask = 2147483647;
			files = (
			);
			inputPaths = (
			);
			name = "Check Pods Manifest.lock";
			outputPaths = (
			);
			runOnlyForDeploymentPostprocessing = 0;
			shellPath = /bin/sh;
			shellScript = "diff \"${PODS_ROOT}/../Podfile.lock\" \"${PODS_ROOT}/Manifest.lock\" > /dev/null\nif [[ $? != 0 ]] ; then\n    cat << EOM\nerror: The sandbox is not in sync with the Podfile.lock. Run 'pod install' or update your CocoaPods installation.\nEOM\n    exit 1\nfi\n";
			showEnvVarsInLog = 0;
		};
		3EE476ED30DC2CB5B63A7CAF /* Copy Pods Resources */ = {
			isa = PBXShellScriptBuildPhase;
			buildActionMask = 2147483647;
			files = (
			);
			inputPaths = (
			);
			name = "Copy Pods Resources";
			outputPaths = (
			);
			runOnlyForDeploymentPostprocessing = 0;
			shellPath = /bin/sh;
			shellScript = "\"${SRCROOT}/Pods/Target Support Files/Pods-Daigou/Pods-Daigou-resources.sh\"\n";
			showEnvVarsInLog = 0;
		};
/* End PBXShellScriptBuildPhase section */

/* Begin PBXSourcesBuildPhase section */
		3C6EECB61B2C3D7B00C7478F /* Sources */ = {
			isa = PBXSourcesBuildPhase;
			buildActionMask = 2147483647;
			files = (
				3C6EECC01B2C3D7B00C7478F /* main.m in Sources */,
				3C2C7DC61B9C71B500D1DCC0 /* UIProductDetailViewController.m in Sources */,
				3C30215A1B4F98DF001A741D /* ProductItemFrame.m in Sources */,
				3C6448671BA00CD800873739 /* MBrandTableView.m in Sources */,
				3C6448641BA00AAB00873739 /* MProductsViewController.m in Sources */,
				3C3021791B514B60001A741D /* MEditProductViewController.m in Sources */,
				3C442A381B760ACE008BF244 /* OrderStausListTableView.m in Sources */,
				3C6249851B3C11BC008F34C7 /* MSettingViewController.m in Sources */,
				3C2C7DBB1B9C05BD00D1DCC0 /* ExpressManagement.m in Sources */,
				3C77943C1B7FFD6D0034D91D /* OrderDeliveryStatusViewController.m in Sources */,
				3C62498E1B3C1395008F34C7 /* MCustInfoViewController.m in Sources */,
				3C127AE71B834554008D47DF /* OrderItemBenifitCell.m in Sources */,
				3C64486A1BA03EAE00873739 /* MCategoryTableView.m in Sources */,
				3C0BBDA61B94601700BA0E1E /* ProcurementListCell.m in Sources */,
				3C2C7DB81B9BE07900D1DCC0 /* Express.m in Sources */,
				3C3021591B4F98DF001A741D /* ProductItemCell.m in Sources */,
				3C3021731B5140E3001A741D /* ErrorHelper.m in Sources */,
				3C62497C1B3C1151008F34C7 /* MProductCatalogViewController.m in Sources */,
				3CA1A2941B551FCD00C0A74C /* OAddNewOrderViewController.m in Sources */,
				3C036AF71B5913A200DBF0B9 /* OrderItem.m in Sources */,
				3CC462BA1B9312ED002B92C8 /* ProcurementStatusListTableView.m in Sources */,
				3C6EED231B2C5E6100C7478F /* AppDelegate.m in Sources */,
				3C344AB11B6CF6B600818F19 /* OrderBasketPickerCell.m in Sources */,
				3C3021651B4FDF1B001A741D /* ProductCategory.m in Sources */,
				3C5D0B541B8C9904006FFC87 /* LLBlurSidebar.m in Sources */,
				3C3021681B50C82A001A741D /* BrandManagement.m in Sources */,
				3C6E1DF21B9DD50A0062FBF0 /* UIProductInfoEditViewController.m in Sources */,
				3C442A351B74D8E8008BF244 /* DateUtil.m in Sources */,
				3C6EED241B2C5E6100C7478F /* DGViewController.m in Sources */,
				3C56783E1B5B6AC2001B6B40 /* OrderListCell.m in Sources */,
				3C5661701B679B2E0082F49E /* OrderPickProductsMainViewController.m in Sources */,
				3CA1A29D1B5694A100C0A74C /* OrderBasketViewController.m in Sources */,
				3C6D856A1B4DDFD20076F4AE /* Product.m in Sources */,
				3C5D0B511B8C9730006FFC87 /* OrderSiderBarViewController.m in Sources */,
				3CFC01E11B913BD400995CAB /* UISearchBar+UISearchBarAccessory.m in Sources */,
				3C5678381B5B25E1001B6B40 /* OProductItem.m in Sources */,
				3C6DDF201B44018F000B8152 /* MShowCustomDetailViewController.m in Sources */,
				3CA1A29A1B56942400C0A74C /* OrderProductsViewController.m in Sources */,
				3C62498B1B3C11D6008F34C7 /* MAboutViewController.m in Sources */,
				3C9A1F4B1B9705580030647B /* StockListCell.m in Sources */,
				3C7794331B7ECB9A0034D91D /* UITextField+UITextFieldAccessory.m in Sources */,
				19B0FE5D509F202C88A34690 /* StockViewController.m in Sources */,
				3C6D856D1B4DDFE70076F4AE /* ProductManagement.m in Sources */,
				3C5661761B679B910082F49E /* OrderProductsRightTableView.m in Sources */,
				3C6D85631B4BFBB10076F4AE /* DropDownListView.m in Sources */,
				3C56617C1B67AC6A0082F49E /* OrderProductsRightCell.m in Sources */,
				19B0FF72718EF29A756E96DB /* ProcurementViewController.m in Sources */,
				3C6DDF1C1B43F86C000B8152 /* MShowDetailCell.m in Sources */,
				3C30216B1B50C841001A741D /* ProductCategoryManagement.m in Sources */,
				3C0BBDA91B9484E100BA0E1E /* StockStatusListTableView.m in Sources */,
				3C2C7DC11B9C5C0E00D1DCC0 /* UISearchViewController.m in Sources */,
				19B0FA792FF04CE87D6706BC /* OrderViewController.m in Sources */,
				3C6249881B3C11CB008F34C7 /* MSharingViewController.m in Sources */,
				3C7794391B7F647E0034D91D /* OrderDetailViewController.m in Sources */,
				3C442A3C1B770B14008BF244 /* UIPickerViewCell.m in Sources */,
				3C6DDF291B4412EC000B8152 /* MEditDetailCell.m in Sources */,
				3C036AFA1B59325500DBF0B9 /* OrderItemManagement.m in Sources */,
				3C8F6F741B987B1B00A920A3 /* DGAddressBook.m in Sources */,
				3C344AAE1B6CED2D00818F19 /* ProductWithCount.m in Sources */,
				19B0F2A5A729CC3A56F1B82E /* MineViewController.m in Sources */,
				3C6249821B3C11A5008F34C7 /* MFinanceViewController.m in Sources */,
				3C344AA81B6CD46500818F19 /* OrderBasketPickerViewController.m in Sources */,
				3C62497F1B3C1173008F34C7 /* MDeliveryManagementViewController.m in Sources */,
				3C036AFD1B59FBD100DBF0B9 /* OrderBasketCell.m in Sources */,
				3C6DDF261B441156000B8152 /* MEditCustomInfoViewController.m in Sources */,
				3C70BF0C1B9F0B9500C17481 /* UIScanViewController.m in Sources */,
				3C6249911B3C1E81008F34C7 /* CustomInfo.m in Sources */,
				3C127AEA1B836831008D47DF /* OrderItemPhoneView.m in Sources */,
				3C64486D1BA0457400873739 /* UISelectContainerViewController.m in Sources */,
				3C6DDF231B440D4A000B8152 /* MAddCusInfoViewController.m in Sources */,
				3C6448631BA00AAB00873739 /* MProductItemCell.m in Sources */,
				3C6249941B3C1FDC008F34C7 /* CustomInfoManagement.m in Sources */,
				3C3021761B514B3B001A741D /* MShowProductDetailViewController.m in Sources */,
				3CBF22ED1B7B6A4D00F3EB72 /* UILabelStrikeThrough.m in Sources */,
				3C3021621B4FDF09001A741D /* Brand.m in Sources */,
				3C0EEC6D1B4896B900FC4782 /* UIPlaceHolderTextView.m in Sources */,
				3C8F6F781B98804C00A920A3 /* AddressBookTableViewController.m in Sources */,
				3CA1A2971B56884200C0A74C /* OrderItemView.m in Sources */,
			);
			runOnlyForDeploymentPostprocessing = 0;
		};
		3C6EECD21B2C3D7B00C7478F /* Sources */ = {
			isa = PBXSourcesBuildPhase;
			buildActionMask = 2147483647;
			files = (
				3C6483301B494BE800EFAE4E /* CustomInfoTests.m in Sources */,
				3C30216F1B50D312001A741D /* CategoryTest.m in Sources */,
				3C56783B1B5B2A08001B6B40 /* OrderItemTest.m in Sources */,
				3C30216D1B50D1E6001A741D /* BrandTest.m in Sources */,
				3C2C7DBE1B9C08EC00D1DCC0 /* ExpressTest.m in Sources */,
				3C30215C1B4FDE1A001A741D /* ProductTest.m in Sources */,
			);
			runOnlyForDeploymentPostprocessing = 0;
		};
/* End PBXSourcesBuildPhase section */

/* Begin PBXTargetDependency section */
		3C6EECD81B2C3D7B00C7478F /* PBXTargetDependency */ = {
			isa = PBXTargetDependency;
			target = 3C6EECB91B2C3D7B00C7478F /* Daigou */;
			targetProxy = 3C6EECD71B2C3D7B00C7478F /* PBXContainerItemProxy */;
		};
/* End PBXTargetDependency section */

/* Begin PBXVariantGroup section */
		3C6EECCA1B2C3D7B00C7478F /* Main.storyboard */ = {
			isa = PBXVariantGroup;
			children = (
				3C6EECCB1B2C3D7B00C7478F /* Base */,
			);
			name = Main.storyboard;
			sourceTree = "<group>";
		};
		3C6EECCF1B2C3D7B00C7478F /* LaunchScreen.xib */ = {
			isa = PBXVariantGroup;
			children = (
				3C6EECD01B2C3D7B00C7478F /* Base */,
			);
			name = LaunchScreen.xib;
			sourceTree = "<group>";
		};
/* End PBXVariantGroup section */

/* Begin XCBuildConfiguration section */
		3C6EECDE1B2C3D7B00C7478F /* Debug */ = {
			isa = XCBuildConfiguration;
			buildSettings = {
				ALWAYS_SEARCH_USER_PATHS = NO;
				CLANG_CXX_LANGUAGE_STANDARD = "gnu++0x";
				CLANG_CXX_LIBRARY = "libc++";
				CLANG_ENABLE_MODULES = YES;
				CLANG_ENABLE_OBJC_ARC = YES;
				CLANG_WARN_BOOL_CONVERSION = YES;
				CLANG_WARN_CONSTANT_CONVERSION = YES;
				CLANG_WARN_DIRECT_OBJC_ISA_USAGE = YES_ERROR;
				CLANG_WARN_EMPTY_BODY = YES;
				CLANG_WARN_ENUM_CONVERSION = YES;
				CLANG_WARN_INT_CONVERSION = YES;
				CLANG_WARN_OBJC_ROOT_CLASS = YES_ERROR;
				CLANG_WARN_UNREACHABLE_CODE = YES;
				CLANG_WARN__DUPLICATE_METHOD_MATCH = YES;
				"CODE_SIGN_IDENTITY[sdk=iphoneos*]" = "iPhone Developer";
				COPY_PHASE_STRIP = NO;
				DEBUG_INFORMATION_FORMAT = "dwarf-with-dsym";
				ENABLE_STRICT_OBJC_MSGSEND = YES;
				GCC_C_LANGUAGE_STANDARD = gnu99;
				GCC_DYNAMIC_NO_PIC = NO;
				GCC_NO_COMMON_BLOCKS = YES;
				GCC_OPTIMIZATION_LEVEL = 0;
				GCC_PREPROCESSOR_DEFINITIONS = (
					"DEBUG=1",
					"$(inherited)",
				);
				GCC_SYMBOLS_PRIVATE_EXTERN = NO;
				GCC_WARN_64_TO_32_BIT_CONVERSION = YES;
				GCC_WARN_ABOUT_RETURN_TYPE = YES_ERROR;
				GCC_WARN_UNDECLARED_SELECTOR = YES;
				GCC_WARN_UNINITIALIZED_AUTOS = YES_AGGRESSIVE;
				GCC_WARN_UNUSED_FUNCTION = YES;
				GCC_WARN_UNUSED_VARIABLE = YES;
				IPHONEOS_DEPLOYMENT_TARGET = 8.3;
				MTL_ENABLE_DEBUG_INFO = YES;
				ONLY_ACTIVE_ARCH = YES;
				SDKROOT = iphoneos;
			};
			name = Debug;
		};
		3C6EECDF1B2C3D7B00C7478F /* Release */ = {
			isa = XCBuildConfiguration;
			buildSettings = {
				ALWAYS_SEARCH_USER_PATHS = NO;
				CLANG_CXX_LANGUAGE_STANDARD = "gnu++0x";
				CLANG_CXX_LIBRARY = "libc++";
				CLANG_ENABLE_MODULES = YES;
				CLANG_ENABLE_OBJC_ARC = YES;
				CLANG_WARN_BOOL_CONVERSION = YES;
				CLANG_WARN_CONSTANT_CONVERSION = YES;
				CLANG_WARN_DIRECT_OBJC_ISA_USAGE = YES_ERROR;
				CLANG_WARN_EMPTY_BODY = YES;
				CLANG_WARN_ENUM_CONVERSION = YES;
				CLANG_WARN_INT_CONVERSION = YES;
				CLANG_WARN_OBJC_ROOT_CLASS = YES_ERROR;
				CLANG_WARN_UNREACHABLE_CODE = YES;
				CLANG_WARN__DUPLICATE_METHOD_MATCH = YES;
				"CODE_SIGN_IDENTITY[sdk=iphoneos*]" = "iPhone Developer";
				COPY_PHASE_STRIP = NO;
				DEBUG_INFORMATION_FORMAT = "dwarf-with-dsym";
				ENABLE_NS_ASSERTIONS = NO;
				ENABLE_STRICT_OBJC_MSGSEND = YES;
				GCC_C_LANGUAGE_STANDARD = gnu99;
				GCC_NO_COMMON_BLOCKS = YES;
				GCC_WARN_64_TO_32_BIT_CONVERSION = YES;
				GCC_WARN_ABOUT_RETURN_TYPE = YES_ERROR;
				GCC_WARN_UNDECLARED_SELECTOR = YES;
				GCC_WARN_UNINITIALIZED_AUTOS = YES_AGGRESSIVE;
				GCC_WARN_UNUSED_FUNCTION = YES;
				GCC_WARN_UNUSED_VARIABLE = YES;
				IPHONEOS_DEPLOYMENT_TARGET = 8.3;
				MTL_ENABLE_DEBUG_INFO = NO;
				SDKROOT = iphoneos;
				VALIDATE_PRODUCT = YES;
			};
			name = Release;
		};
		3C6EECE11B2C3D7B00C7478F /* Debug */ = {
			isa = XCBuildConfiguration;
			baseConfigurationReference = 63EC5C4AF44B02D95DE319F4 /* Pods-Daigou.debug.xcconfig */;
			buildSettings = {
				ASSETCATALOG_COMPILER_APPICON_NAME = AppIcon;
				CODE_SIGN_IDENTITY = "iPhone Developer";
				"CODE_SIGN_IDENTITY[sdk=iphoneos*]" = "iPhone Developer";
				INFOPLIST_FILE = Daigou/Info.plist;
				LD_RUNPATH_SEARCH_PATHS = "$(inherited) @executable_path/Frameworks";
				PRODUCT_NAME = "$(TARGET_NAME)";
				PROVISIONING_PROFILE = "";
			};
			name = Debug;
		};
		3C6EECE21B2C3D7B00C7478F /* Release */ = {
			isa = XCBuildConfiguration;
			baseConfigurationReference = 8E9DE06086462CEABFF0A4F0 /* Pods-Daigou.release.xcconfig */;
			buildSettings = {
				ASSETCATALOG_COMPILER_APPICON_NAME = AppIcon;
				CODE_SIGN_IDENTITY = "iPhone Developer";
				"CODE_SIGN_IDENTITY[sdk=iphoneos*]" = "iPhone Developer";
				INFOPLIST_FILE = Daigou/Info.plist;
				LD_RUNPATH_SEARCH_PATHS = "$(inherited) @executable_path/Frameworks";
				PRODUCT_NAME = "$(TARGET_NAME)";
				PROVISIONING_PROFILE = "";
			};
			name = Release;
		};
		3C6EECE41B2C3D7B00C7478F /* Debug */ = {
			isa = XCBuildConfiguration;
			buildSettings = {
				BUNDLE_LOADER = "$(TEST_HOST)";
				FRAMEWORK_SEARCH_PATHS = (
					"$(SDKROOT)/Developer/Library/Frameworks",
					"$(inherited)",
				);
				GCC_PREPROCESSOR_DEFINITIONS = (
					"DEBUG=1",
					"$(inherited)",
				);
				INFOPLIST_FILE = DaigouTests/Info.plist;
				LD_RUNPATH_SEARCH_PATHS = "$(inherited) @executable_path/Frameworks @loader_path/Frameworks";
				PRODUCT_NAME = "$(TARGET_NAME)";
				TEST_HOST = "$(BUILT_PRODUCTS_DIR)/Daigou.app/Daigou";
			};
			name = Debug;
		};
		3C6EECE51B2C3D7B00C7478F /* Release */ = {
			isa = XCBuildConfiguration;
			buildSettings = {
				BUNDLE_LOADER = "$(TEST_HOST)";
				FRAMEWORK_SEARCH_PATHS = (
					"$(SDKROOT)/Developer/Library/Frameworks",
					"$(inherited)",
				);
				INFOPLIST_FILE = DaigouTests/Info.plist;
				LD_RUNPATH_SEARCH_PATHS = "$(inherited) @executable_path/Frameworks @loader_path/Frameworks";
				PRODUCT_NAME = "$(TARGET_NAME)";
				TEST_HOST = "$(BUILT_PRODUCTS_DIR)/Daigou.app/Daigou";
			};
			name = Release;
		};
/* End XCBuildConfiguration section */

/* Begin XCConfigurationList section */
		3C6EECB51B2C3D7B00C7478F /* Build configuration list for PBXProject "Daigou" */ = {
			isa = XCConfigurationList;
			buildConfigurations = (
				3C6EECDE1B2C3D7B00C7478F /* Debug */,
				3C6EECDF1B2C3D7B00C7478F /* Release */,
			);
			defaultConfigurationIsVisible = 0;
			defaultConfigurationName = Release;
		};
		3C6EECE01B2C3D7B00C7478F /* Build configuration list for PBXNativeTarget "Daigou" */ = {
			isa = XCConfigurationList;
			buildConfigurations = (
				3C6EECE11B2C3D7B00C7478F /* Debug */,
				3C6EECE21B2C3D7B00C7478F /* Release */,
			);
			defaultConfigurationIsVisible = 0;
			defaultConfigurationName = Release;
		};
		3C6EECE31B2C3D7B00C7478F /* Build configuration list for PBXNativeTarget "DaigouTests" */ = {
			isa = XCConfigurationList;
			buildConfigurations = (
				3C6EECE41B2C3D7B00C7478F /* Debug */,
				3C6EECE51B2C3D7B00C7478F /* Release */,
			);
			defaultConfigurationIsVisible = 0;
			defaultConfigurationName = Release;
		};
/* End XCConfigurationList section */
	};
	rootObject = 3C6EECB21B2C3D7B00C7478F /* Project object */;
}
